// !$*UTF8*$!
{
	archiveVersion = 1;
	classes = {
	};
	objectVersion = 46;
	objects = {

/* Begin PBXBuildFile section */
		3805F1921E7236D00007F598 /* DeviceInfoViewController.m in Sources */ = {isa = PBXBuildFile; fileRef = 3805F1911E7236D00007F598 /* DeviceInfoViewController.m */; };
		3805F1951E723C9F0007F598 /* DeviceInfoTableViewCell.m in Sources */ = {isa = PBXBuildFile; fileRef = 3805F1941E723C9F0007F598 /* DeviceInfoTableViewCell.m */; };
		3805F1981E7246D90007F598 /* AboutUsViewController.m in Sources */ = {isa = PBXBuildFile; fileRef = 3805F1971E7246D90007F598 /* AboutUsViewController.m */; };
		3805F19A1E724AAD0007F598 /* 1024.png in Resources */ = {isa = PBXBuildFile; fileRef = 3805F1991E724AAD0007F598 /* 1024.png */; };
		38DA5B7E1E70EEA800028B75 /* main.m in Sources */ = {isa = PBXBuildFile; fileRef = 38DA5B7D1E70EEA800028B75 /* main.m */; };
		38DA5B811E70EEA800028B75 /* AppDelegate.m in Sources */ = {isa = PBXBuildFile; fileRef = 38DA5B801E70EEA800028B75 /* AppDelegate.m */; };
		38DA5B841E70EEA800028B75 /* ViewController.m in Sources */ = {isa = PBXBuildFile; fileRef = 38DA5B831E70EEA800028B75 /* ViewController.m */; };
		38DA5B871E70EEA800028B75 /* Main.storyboard in Resources */ = {isa = PBXBuildFile; fileRef = 38DA5B851E70EEA800028B75 /* Main.storyboard */; };
		38DA5B891E70EEA800028B75 /* Assets.xcassets in Resources */ = {isa = PBXBuildFile; fileRef = 38DA5B881E70EEA800028B75 /* Assets.xcassets */; };
		38DA5B8C1E70EEA800028B75 /* LaunchScreen.storyboard in Resources */ = {isa = PBXBuildFile; fileRef = 38DA5B8A1E70EEA800028B75 /* LaunchScreen.storyboard */; };
		38DA5B971E70EEA800028B75 /* warmwindTests.m in Sources */ = {isa = PBXBuildFile; fileRef = 38DA5B961E70EEA800028B75 /* warmwindTests.m */; };
		38DA5BA21E70EEA800028B75 /* warmwindUITests.m in Sources */ = {isa = PBXBuildFile; fileRef = 38DA5BA11E70EEA800028B75 /* warmwindUITests.m */; };
		38DA5C221E70EF7C00028B75 /* FMDatabase.m in Sources */ = {isa = PBXBuildFile; fileRef = 38DA5BB41E70EF7C00028B75 /* FMDatabase.m */; };
		38DA5C231E70EF7C00028B75 /* FMDatabaseAdditions.m in Sources */ = {isa = PBXBuildFile; fileRef = 38DA5BB61E70EF7C00028B75 /* FMDatabaseAdditions.m */; };
		38DA5C241E70EF7C00028B75 /* FMDatabasePool.m in Sources */ = {isa = PBXBuildFile; fileRef = 38DA5BB81E70EF7C00028B75 /* FMDatabasePool.m */; };
		38DA5C251E70EF7C00028B75 /* FMDatabaseQueue.m in Sources */ = {isa = PBXBuildFile; fileRef = 38DA5BBA1E70EF7C00028B75 /* FMDatabaseQueue.m */; };
		38DA5C261E70EF7C00028B75 /* FMResultSet.m in Sources */ = {isa = PBXBuildFile; fileRef = 38DA5BBD1E70EF7C00028B75 /* FMResultSet.m */; };
		38DA5C271E70EF7C00028B75 /* MBProgressHUD.m in Sources */ = {isa = PBXBuildFile; fileRef = 38DA5BC01E70EF7C00028B75 /* MBProgressHUD.m */; };
		38DA5C281E70EF7C00028B75 /* MMDrawerBarButtonItem.m in Sources */ = {isa = PBXBuildFile; fileRef = 38DA5BC31E70EF7C00028B75 /* MMDrawerBarButtonItem.m */; };
		38DA5C291E70EF7C00028B75 /* MMDrawerController.m in Sources */ = {isa = PBXBuildFile; fileRef = 38DA5BC61E70EF7C00028B75 /* MMDrawerController.m */; };
		38DA5C2A1E70EF7C00028B75 /* MMDrawerVisualState.m in Sources */ = {isa = PBXBuildFile; fileRef = 38DA5BC81E70EF7C00028B75 /* MMDrawerVisualState.m */; };
		38DA5C2B1E70EF7C00028B75 /* UIViewController+MMDrawerController.m in Sources */ = {isa = PBXBuildFile; fileRef = 38DA5BCA1E70EF7C00028B75 /* UIViewController+MMDrawerController.m */; };
		38DA5C2C1E70EF7C00028B75 /* CircleView.m in Sources */ = {isa = PBXBuildFile; fileRef = 38DA5BCD1E70EF7C00028B75 /* CircleView.m */; };
		38DA5C2D1E70EF7C00028B75 /* DeviceListTableViewCell.m in Sources */ = {isa = PBXBuildFile; fileRef = 38DA5BCF1E70EF7C00028B75 /* DeviceListTableViewCell.m */; };
		38DA5C2E1E70EF7C00028B75 /* GPButton.m in Sources */ = {isa = PBXBuildFile; fileRef = 38DA5BD11E70EF7C00028B75 /* GPButton.m */; };
		38DA5C2F1E70EF7C00028B75 /* LeftVCTableViewCell.m in Sources */ = {isa = PBXBuildFile; fileRef = 38DA5BD31E70EF7C00028B75 /* LeftVCTableViewCell.m */; };
		38DA5C301E70EF7C00028B75 /* GPPickerView.m in Sources */ = {isa = PBXBuildFile; fileRef = 38DA5BD61E70EF7C00028B75 /* GPPickerView.m */; };
		38DA5C311E70EF7C00028B75 /* PickerViewCell.m in Sources */ = {isa = PBXBuildFile; fileRef = 38DA5BD81E70EF7C00028B75 /* PickerViewCell.m */; };
		38DA5C321E70EF7C00028B75 /* SearchView.m in Sources */ = {isa = PBXBuildFile; fileRef = 38DA5BDA1E70EF7C00028B75 /* SearchView.m */; };
		38DA5C331E70EF7C00028B75 /* SetLanguageTableViewCell.m in Sources */ = {isa = PBXBuildFile; fileRef = 38DA5BDC1E70EF7C00028B75 /* SetLanguageTableViewCell.m */; };
		38DA5C341E70EF7C00028B75 /* SettingTableViewCell.m in Sources */ = {isa = PBXBuildFile; fileRef = 38DA5BDE1E70EF7C00028B75 /* SettingTableViewCell.m */; };
		38DA5C351E70EF7C00028B75 /* DataBaseManager.m in Sources */ = {isa = PBXBuildFile; fileRef = 38DA5BE11E70EF7C00028B75 /* DataBaseManager.m */; };
		38DA5C361E70EF7C00028B75 /* BimarDevice.m in Sources */ = {isa = PBXBuildFile; fileRef = 38DA5BE41E70EF7C00028B75 /* BimarDevice.m */; };
		38DA5C371E70EF7C00028B75 /* appclearicon_bimar@2x.png in Resources */ = {isa = PBXBuildFile; fileRef = 38DA5BE71E70EF7C00028B75 /* appclearicon_bimar@2x.png */; };
		38DA5C381E70EF7C00028B75 /* banner_default@3x.png in Resources */ = {isa = PBXBuildFile; fileRef = 38DA5BE81E70EF7C00028B75 /* banner_default@3x.png */; };
		38DA5C391E70EF7C00028B75 /* bimarBtn定时@3x.png in Resources */ = {isa = PBXBuildFile; fileRef = 38DA5BE91E70EF7C00028B75 /* bimarBtn定时@3x.png */; };
		38DA5C3A1E70EF7C00028B75 /* bimarBtn定时_gray@3x.png in Resources */ = {isa = PBXBuildFile; fileRef = 38DA5BEA1E70EF7C00028B75 /* bimarBtn定时_gray@3x.png */; };
		38DA5C3B1E70EF7C00028B75 /* bimarBtn开关@3x.png in Resources */ = {isa = PBXBuildFile; fileRef = 38DA5BEB1E70EF7C00028B75 /* bimarBtn开关@3x.png */; };
		38DA5C3C1E70EF7C00028B75 /* bimarBtn开关_gray@3x.png in Resources */ = {isa = PBXBuildFile; fileRef = 38DA5BEC1E70EF7C00028B75 /* bimarBtn开关_gray@3x.png */; };
		38DA5C3D1E70EF7C00028B75 /* bimarBtn模式@3x.png in Resources */ = {isa = PBXBuildFile; fileRef = 38DA5BED1E70EF7C00028B75 /* bimarBtn模式@3x.png */; };
		38DA5C3E1E70EF7C00028B75 /* bimarBtn模式_gray@3x.png in Resources */ = {isa = PBXBuildFile; fileRef = 38DA5BEE1E70EF7C00028B75 /* bimarBtn模式_gray@3x.png */; };
		38DA5C3F1E70EF7C00028B75 /* bimarBtn温度减@3x.png in Resources */ = {isa = PBXBuildFile; fileRef = 38DA5BEF1E70EF7C00028B75 /* bimarBtn温度减@3x.png */; };
		38DA5C401E70EF7C00028B75 /* bimarBtn温度减_gray@3x.png in Resources */ = {isa = PBXBuildFile; fileRef = 38DA5BF01E70EF7C00028B75 /* bimarBtn温度减_gray@3x.png */; };
		38DA5C411E70EF7C00028B75 /* bimarBtn温度加@3x.png in Resources */ = {isa = PBXBuildFile; fileRef = 38DA5BF11E70EF7C00028B75 /* bimarBtn温度加@3x.png */; };
		38DA5C421E70EF7C00028B75 /* bimarBtn温度加_gray@3x.png in Resources */ = {isa = PBXBuildFile; fileRef = 38DA5BF21E70EF7C00028B75 /* bimarBtn温度加_gray@3x.png */; };
		38DA5C431E70EF7C00028B75 /* bimarBtn风速@3x.png in Resources */ = {isa = PBXBuildFile; fileRef = 38DA5BF31E70EF7C00028B75 /* bimarBtn风速@3x.png */; };
		38DA5C441E70EF7C00028B75 /* bimarBtn风速_gray@3x.png in Resources */ = {isa = PBXBuildFile; fileRef = 38DA5BF41E70EF7C00028B75 /* bimarBtn风速_gray@3x.png */; };
		38DA5C451E70EF7C00028B75 /* bimar关于@3x.png in Resources */ = {isa = PBXBuildFile; fileRef = 38DA5BF51E70EF7C00028B75 /* bimar关于@3x.png */; };
		38DA5C461E70EF7C00028B75 /* bimar华氏度@3x.png in Resources */ = {isa = PBXBuildFile; fileRef = 38DA5BF61E70EF7C00028B75 /* bimar华氏度@3x.png */; };
		38DA5C471E70EF7C00028B75 /* bimar声音@3x.png in Resources */ = {isa = PBXBuildFile; fileRef = 38DA5BF71E70EF7C00028B75 /* bimar声音@3x.png */; };
		38DA5C481E70EF7C00028B75 /* bimar意大利语@3x.png in Resources */ = {isa = PBXBuildFile; fileRef = 38DA5BF81E70EF7C00028B75 /* bimar意大利语@3x.png */; };
		38DA5C491E70EF7C00028B75 /* bimar摄氏度@3x.png in Resources */ = {isa = PBXBuildFile; fileRef = 38DA5BF91E70EF7C00028B75 /* bimar摄氏度@3x.png */; };
		38DA5C4A1E70EF7C00028B75 /* bimar模式中火@3x.png in Resources */ = {isa = PBXBuildFile; fileRef = 38DA5BFA1E70EF7C00028B75 /* bimar模式中火@3x.png */; };
		38DA5C4B1E70EF7C00028B75 /* bimar模式大火@3x.png in Resources */ = {isa = PBXBuildFile; fileRef = 38DA5BFB1E70EF7C00028B75 /* bimar模式大火@3x.png */; };
		38DA5C4C1E70EF7C00028B75 /* bimar模式小火@3x.png in Resources */ = {isa = PBXBuildFile; fileRef = 38DA5BFC1E70EF7C00028B75 /* bimar模式小火@3x.png */; };
		38DA5C4D1E70EF7C00028B75 /* bimar模式防冻@3x.png in Resources */ = {isa = PBXBuildFile; fileRef = 38DA5BFD1E70EF7C00028B75 /* bimar模式防冻@3x.png */; };
		38DA5C4E1E70EF7C00028B75 /* bimar汉语@3x.png in Resources */ = {isa = PBXBuildFile; fileRef = 38DA5BFE1E70EF7C00028B75 /* bimar汉语@3x.png */; };
		38DA5C4F1E70EF7C00028B75 /* bimar背景@3x.png in Resources */ = {isa = PBXBuildFile; fileRef = 38DA5BFF1E70EF7C00028B75 /* bimar背景@3x.png */; };
		38DA5C501E70EF7C00028B75 /* bimar英语@3x.png in Resources */ = {isa = PBXBuildFile; fileRef = 38DA5C001E70EF7C00028B75 /* bimar英语@3x.png */; };
		38DA5C511E70EF7C00028B75 /* bimar语言@3x.png in Resources */ = {isa = PBXBuildFile; fileRef = 38DA5C011E70EF7C00028B75 /* bimar语言@3x.png */; };
		38DA5C521E70EF7C00028B75 /* bimar震动@3x.png in Resources */ = {isa = PBXBuildFile; fileRef = 38DA5C021E70EF7C00028B75 /* bimar震动@3x.png */; };
		38DA5C531E70EF7C00028B75 /* 列表更多@3x.png in Resources */ = {isa = PBXBuildFile; fileRef = 38DA5C031E70EF7C00028B75 /* 列表更多@3x.png */; };
		38DA5C541E70EF7C00028B75 /* 左侧栏背景@3x.png in Resources */ = {isa = PBXBuildFile; fileRef = 38DA5C041E70EF7C00028B75 /* 左侧栏背景@3x.png */; };
		38DA5C551E70EF7C00028B75 /* 左侧边栏logo@3x.png in Resources */ = {isa = PBXBuildFile; fileRef = 38DA5C051E70EF7C00028B75 /* 左侧边栏logo@3x.png */; };
		38DA5C561E70EF7C00028B75 /* 设备信息@3x.png in Resources */ = {isa = PBXBuildFile; fileRef = 38DA5C061E70EF7C00028B75 /* 设备信息@3x.png */; };
		38DA5C571E70EF7C00028B75 /* 远程重启@3x.png in Resources */ = {isa = PBXBuildFile; fileRef = 38DA5C071E70EF7C00028B75 /* 远程重启@3x.png */; };
		38DA5C581E70EF7C00028B75 /* 问号@3x.png in Resources */ = {isa = PBXBuildFile; fileRef = 38DA5C081E70EF7C00028B75 /* 问号@3x.png */; };
		38DA5C591E70EF7C00028B75 /* 修改密码.png in Resources */ = {isa = PBXBuildFile; fileRef = 38DA5C0A1E70EF7C00028B75 /* 修改密码.png */; };
		38DA5C5A1E70EF7C00028B75 /* 修改昵称.png in Resources */ = {isa = PBXBuildFile; fileRef = 38DA5C0B1E70EF7C00028B75 /* 修改昵称.png */; };
		38DA5C5C1E70EF7C00028B75 /* 删除.png in Resources */ = {isa = PBXBuildFile; fileRef = 38DA5C0D1E70EF7C00028B75 /* 删除.png */; };
		38DA5C5D1E70EF7C00028B75 /* 叉.png in Resources */ = {isa = PBXBuildFile; fileRef = 38DA5C0E1E70EF7C00028B75 /* 叉.png */; };
		38DA5C5E1E70EF7C00028B75 /* 室温144px.png in Resources */ = {isa = PBXBuildFile; fileRef = 38DA5C0F1E70EF7C00028B75 /* 室温144px.png */; };
		38DA5C5F1E70EF7C00028B75 /* 密码.png in Resources */ = {isa = PBXBuildFile; fileRef = 38DA5C101E70EF7C00028B75 /* 密码.png */; };
		38DA5C601E70EF7C00028B75 /* 搜索设备.png in Resources */ = {isa = PBXBuildFile; fileRef = 38DA5C111E70EF7C00028B75 /* 搜索设备.png */; };
		38DA5C611E70EF7C00028B75 /* 更多@3x.png in Resources */ = {isa = PBXBuildFile; fileRef = 38DA5C121E70EF7C00028B75 /* 更多@3x.png */; };
		38DA5C621E70EF7C00028B75 /* 添加@3x.png in Resources */ = {isa = PBXBuildFile; fileRef = 38DA5C131E70EF7C00028B75 /* 添加@3x.png */; };
		38DA5C631E70EF7C00028B75 /* 用户名.png in Resources */ = {isa = PBXBuildFile; fileRef = 38DA5C141E70EF7C00028B75 /* 用户名.png */; };
		38DA5C641E70EF7C00028B75 /* 箭头@3x.png in Resources */ = {isa = PBXBuildFile; fileRef = 38DA5C151E70EF7C00028B75 /* 箭头@3x.png */; };
		38DA5C651E70EF7C00028B75 /* 设置.png in Resources */ = {isa = PBXBuildFile; fileRef = 38DA5C161E70EF7C00028B75 /* 设置.png */; };
		38DA5C661E70EF7C00028B75 /* 返回@3x.png in Resources */ = {isa = PBXBuildFile; fileRef = 38DA5C171E70EF7C00028B75 /* 返回@3x.png */; };
		38DA5C671E70EF7C00028B75 /* 退出.png in Resources */ = {isa = PBXBuildFile; fileRef = 38DA5C181E70EF7C00028B75 /* 退出.png */; };
		38DA5C681E70EF7C00028B75 /* ChangeLanguage.m in Sources */ = {isa = PBXBuildFile; fileRef = 38DA5C1B1E70EF7C00028B75 /* ChangeLanguage.m */; };
		38DA5C691E70EF7C00028B75 /* GPUtil.m in Sources */ = {isa = PBXBuildFile; fileRef = 38DA5C1D1E70EF7C00028B75 /* GPUtil.m */; };
		38DA5C6A1E70EF7C00028B75 /* UIImage+RTTint.m in Sources */ = {isa = PBXBuildFile; fileRef = 38DA5C1F1E70EF7C00028B75 /* UIImage+RTTint.m */; };
		38DA5C6B1E70EF7C00028B75 /* UILabel+GPAligment.m in Sources */ = {isa = PBXBuildFile; fileRef = 38DA5C211E70EF7C00028B75 /* UILabel+GPAligment.m */; };
		38DA5C7C1E70EF9A00028B75 /* AddDeviceViewController.m in Sources */ = {isa = PBXBuildFile; fileRef = 38DA5C6D1E70EF9A00028B75 /* AddDeviceViewController.m */; };
		38DA5C7D1E70EF9A00028B75 /* BaseViewController.m in Sources */ = {isa = PBXBuildFile; fileRef = 38DA5C6F1E70EF9A00028B75 /* BaseViewController.m */; };
		38DA5C7E1E70EF9A00028B75 /* DeviceOperateViewController.m in Sources */ = {isa = PBXBuildFile; fileRef = 38DA5C711E70EF9A00028B75 /* DeviceOperateViewController.m */; };
		38DA5C7F1E70EF9A00028B75 /* LeftViewController.m in Sources */ = {isa = PBXBuildFile; fileRef = 38DA5C731E70EF9A00028B75 /* LeftViewController.m */; };
		38DA5C801E70EF9A00028B75 /* MoreViewController.m in Sources */ = {isa = PBXBuildFile; fileRef = 38DA5C751E70EF9A00028B75 /* MoreViewController.m */; };
		38DA5C811E70EF9A00028B75 /* SearchDeviceViewController.m in Sources */ = {isa = PBXBuildFile; fileRef = 38DA5C771E70EF9A00028B75 /* SearchDeviceViewController.m */; };
		38DA5C821E70EF9A00028B75 /* SearchResultViewController.m in Sources */ = {isa = PBXBuildFile; fileRef = 38DA5C791E70EF9A00028B75 /* SearchResultViewController.m */; };
		38DA5C831E70EF9A00028B75 /* SettingViewController.m in Sources */ = {isa = PBXBuildFile; fileRef = 38DA5C7B1E70EF9A00028B75 /* SettingViewController.m */; };
		38DA5C871E70F03200028B75 /* libsqlite3.tbd in Frameworks */ = {isa = PBXBuildFile; fileRef = 38DA5C861E70F03200028B75 /* libsqlite3.tbd */; };
		38DA5C8C1E70F07100028B75 /* Language.strings in Resources */ = {isa = PBXBuildFile; fileRef = 38DA5C8E1E70F07100028B75 /* Language.strings */; };
		38DA5C961E7130B200028B75 /* 关于.png in Resources */ = {isa = PBXBuildFile; fileRef = 38DA5C951E7130B200028B75 /* 关于.png */; };
		38DA5C991E7133FC00028B75 /* ModifyPasswordViewController.m in Sources */ = {isa = PBXBuildFile; fileRef = 38DA5C981E7133FC00028B75 /* ModifyPasswordViewController.m */; };
/* End PBXBuildFile section */

/* Begin PBXContainerItemProxy section */
		38DA5B931E70EEA800028B75 /* PBXContainerItemProxy */ = {
			isa = PBXContainerItemProxy;
			containerPortal = 38DA5B711E70EEA800028B75 /* Project object */;
			proxyType = 1;
			remoteGlobalIDString = 38DA5B781E70EEA800028B75;
			remoteInfo = warmwind;
		};
		38DA5B9E1E70EEA800028B75 /* PBXContainerItemProxy */ = {
			isa = PBXContainerItemProxy;
			containerPortal = 38DA5B711E70EEA800028B75 /* Project object */;
			proxyType = 1;
			remoteGlobalIDString = 38DA5B781E70EEA800028B75;
			remoteInfo = warmwind;
		};
/* End PBXContainerItemProxy section */

/* Begin PBXFileReference section */
		3805F1901E7236D00007F598 /* DeviceInfoViewController.h */ = {isa = PBXFileReference; fileEncoding = 4; lastKnownFileType = sourcecode.c.h; path = DeviceInfoViewController.h; sourceTree = "<group>"; };
		3805F1911E7236D00007F598 /* DeviceInfoViewController.m */ = {isa = PBXFileReference; fileEncoding = 4; lastKnownFileType = sourcecode.c.objc; path = DeviceInfoViewController.m; sourceTree = "<group>"; };
		3805F1931E723C9F0007F598 /* DeviceInfoTableViewCell.h */ = {isa = PBXFileReference; fileEncoding = 4; lastKnownFileType = sourcecode.c.h; path = DeviceInfoTableViewCell.h; sourceTree = "<group>"; };
		3805F1941E723C9F0007F598 /* DeviceInfoTableViewCell.m */ = {isa = PBXFileReference; fileEncoding = 4; lastKnownFileType = sourcecode.c.objc; path = DeviceInfoTableViewCell.m; sourceTree = "<group>"; };
		3805F1961E7246D90007F598 /* AboutUsViewController.h */ = {isa = PBXFileReference; fileEncoding = 4; lastKnownFileType = sourcecode.c.h; path = AboutUsViewController.h; sourceTree = "<group>"; };
		3805F1971E7246D90007F598 /* AboutUsViewController.m */ = {isa = PBXFileReference; fileEncoding = 4; lastKnownFileType = sourcecode.c.objc; path = AboutUsViewController.m; sourceTree = "<group>"; };
		3805F1991E724AAD0007F598 /* 1024.png */ = {isa = PBXFileReference; lastKnownFileType = image.png; path = 1024.png; sourceTree = "<group>"; };
		38DA5B791E70EEA800028B75 /* warmwind.app */ = {isa = PBXFileReference; explicitFileType = wrapper.application; includeInIndex = 0; path = warmwind.app; sourceTree = BUILT_PRODUCTS_DIR; };
		38DA5B7D1E70EEA800028B75 /* main.m */ = {isa = PBXFileReference; lastKnownFileType = sourcecode.c.objc; path = main.m; sourceTree = "<group>"; };
		38DA5B7F1E70EEA800028B75 /* AppDelegate.h */ = {isa = PBXFileReference; lastKnownFileType = sourcecode.c.h; name = AppDelegate.h; path = ../AppDelegate.h; sourceTree = "<group>"; };
		38DA5B801E70EEA800028B75 /* AppDelegate.m */ = {isa = PBXFileReference; lastKnownFileType = sourcecode.c.objc; name = AppDelegate.m; path = ../AppDelegate.m; sourceTree = "<group>"; };
		38DA5B821E70EEA800028B75 /* ViewController.h */ = {isa = PBXFileReference; lastKnownFileType = sourcecode.c.h; name = ViewController.h; path = ../ViewController.h; sourceTree = "<group>"; };
		38DA5B831E70EEA800028B75 /* ViewController.m */ = {isa = PBXFileReference; lastKnownFileType = sourcecode.c.objc; name = ViewController.m; path = ../ViewController.m; sourceTree = "<group>"; };
		38DA5B861E70EEA800028B75 /* Base */ = {isa = PBXFileReference; lastKnownFileType = file.storyboard; name = Base; path = Base.lproj/Main.storyboard; sourceTree = "<group>"; };
		38DA5B881E70EEA800028B75 /* Assets.xcassets */ = {isa = PBXFileReference; lastKnownFileType = folder.assetcatalog; path = Assets.xcassets; sourceTree = "<group>"; };
		38DA5B8B1E70EEA800028B75 /* Base */ = {isa = PBXFileReference; lastKnownFileType = file.storyboard; name = Base; path = Base.lproj/LaunchScreen.storyboard; sourceTree = "<group>"; };
		38DA5B8D1E70EEA800028B75 /* Info.plist */ = {isa = PBXFileReference; lastKnownFileType = text.plist.xml; path = Info.plist; sourceTree = "<group>"; };
		38DA5B921E70EEA800028B75 /* warmwindTests.xctest */ = {isa = PBXFileReference; explicitFileType = wrapper.cfbundle; includeInIndex = 0; path = warmwindTests.xctest; sourceTree = BUILT_PRODUCTS_DIR; };
		38DA5B961E70EEA800028B75 /* warmwindTests.m */ = {isa = PBXFileReference; lastKnownFileType = sourcecode.c.objc; path = warmwindTests.m; sourceTree = "<group>"; };
		38DA5B981E70EEA800028B75 /* Info.plist */ = {isa = PBXFileReference; lastKnownFileType = text.plist.xml; path = Info.plist; sourceTree = "<group>"; };
		38DA5B9D1E70EEA800028B75 /* warmwindUITests.xctest */ = {isa = PBXFileReference; explicitFileType = wrapper.cfbundle; includeInIndex = 0; path = warmwindUITests.xctest; sourceTree = BUILT_PRODUCTS_DIR; };
		38DA5BA11E70EEA800028B75 /* warmwindUITests.m */ = {isa = PBXFileReference; lastKnownFileType = sourcecode.c.objc; path = warmwindUITests.m; sourceTree = "<group>"; };
		38DA5BA31E70EEA800028B75 /* Info.plist */ = {isa = PBXFileReference; lastKnownFileType = text.plist.xml; path = Info.plist; sourceTree = "<group>"; };
		38DA5BB31E70EF7C00028B75 /* FMDatabase.h */ = {isa = PBXFileReference; fileEncoding = 4; lastKnownFileType = sourcecode.c.h; path = FMDatabase.h; sourceTree = "<group>"; };
		38DA5BB41E70EF7C00028B75 /* FMDatabase.m */ = {isa = PBXFileReference; fileEncoding = 4; lastKnownFileType = sourcecode.c.objc; path = FMDatabase.m; sourceTree = "<group>"; };
		38DA5BB51E70EF7C00028B75 /* FMDatabaseAdditions.h */ = {isa = PBXFileReference; fileEncoding = 4; lastKnownFileType = sourcecode.c.h; path = FMDatabaseAdditions.h; sourceTree = "<group>"; };
		38DA5BB61E70EF7C00028B75 /* FMDatabaseAdditions.m */ = {isa = PBXFileReference; fileEncoding = 4; lastKnownFileType = sourcecode.c.objc; path = FMDatabaseAdditions.m; sourceTree = "<group>"; };
		38DA5BB71E70EF7C00028B75 /* FMDatabasePool.h */ = {isa = PBXFileReference; fileEncoding = 4; lastKnownFileType = sourcecode.c.h; path = FMDatabasePool.h; sourceTree = "<group>"; };
		38DA5BB81E70EF7C00028B75 /* FMDatabasePool.m */ = {isa = PBXFileReference; fileEncoding = 4; lastKnownFileType = sourcecode.c.objc; path = FMDatabasePool.m; sourceTree = "<group>"; };
		38DA5BB91E70EF7C00028B75 /* FMDatabaseQueue.h */ = {isa = PBXFileReference; fileEncoding = 4; lastKnownFileType = sourcecode.c.h; path = FMDatabaseQueue.h; sourceTree = "<group>"; };
		38DA5BBA1E70EF7C00028B75 /* FMDatabaseQueue.m */ = {isa = PBXFileReference; fileEncoding = 4; lastKnownFileType = sourcecode.c.objc; path = FMDatabaseQueue.m; sourceTree = "<group>"; };
		38DA5BBB1E70EF7C00028B75 /* FMDB.h */ = {isa = PBXFileReference; fileEncoding = 4; lastKnownFileType = sourcecode.c.h; path = FMDB.h; sourceTree = "<group>"; };
		38DA5BBC1E70EF7C00028B75 /* FMResultSet.h */ = {isa = PBXFileReference; fileEncoding = 4; lastKnownFileType = sourcecode.c.h; path = FMResultSet.h; sourceTree = "<group>"; };
		38DA5BBD1E70EF7C00028B75 /* FMResultSet.m */ = {isa = PBXFileReference; fileEncoding = 4; lastKnownFileType = sourcecode.c.objc; path = FMResultSet.m; sourceTree = "<group>"; };
		38DA5BBF1E70EF7C00028B75 /* MBProgressHUD.h */ = {isa = PBXFileReference; fileEncoding = 4; lastKnownFileType = sourcecode.c.h; path = MBProgressHUD.h; sourceTree = "<group>"; };
		38DA5BC01E70EF7C00028B75 /* MBProgressHUD.m */ = {isa = PBXFileReference; fileEncoding = 4; lastKnownFileType = sourcecode.c.objc; path = MBProgressHUD.m; sourceTree = "<group>"; };
		38DA5BC21E70EF7C00028B75 /* MMDrawerBarButtonItem.h */ = {isa = PBXFileReference; fileEncoding = 4; lastKnownFileType = sourcecode.c.h; path = MMDrawerBarButtonItem.h; sourceTree = "<group>"; };
		38DA5BC31E70EF7C00028B75 /* MMDrawerBarButtonItem.m */ = {isa = PBXFileReference; fileEncoding = 4; lastKnownFileType = sourcecode.c.objc; path = MMDrawerBarButtonItem.m; sourceTree = "<group>"; };
		38DA5BC41E70EF7C00028B75 /* MMDrawerController+Subclass.h */ = {isa = PBXFileReference; fileEncoding = 4; lastKnownFileType = sourcecode.c.h; path = "MMDrawerController+Subclass.h"; sourceTree = "<group>"; };
		38DA5BC51E70EF7C00028B75 /* MMDrawerController.h */ = {isa = PBXFileReference; fileEncoding = 4; lastKnownFileType = sourcecode.c.h; path = MMDrawerController.h; sourceTree = "<group>"; };
		38DA5BC61E70EF7C00028B75 /* MMDrawerController.m */ = {isa = PBXFileReference; fileEncoding = 4; lastKnownFileType = sourcecode.c.objc; path = MMDrawerController.m; sourceTree = "<group>"; };
		38DA5BC71E70EF7C00028B75 /* MMDrawerVisualState.h */ = {isa = PBXFileReference; fileEncoding = 4; lastKnownFileType = sourcecode.c.h; path = MMDrawerVisualState.h; sourceTree = "<group>"; };
		38DA5BC81E70EF7C00028B75 /* MMDrawerVisualState.m */ = {isa = PBXFileReference; fileEncoding = 4; lastKnownFileType = sourcecode.c.objc; path = MMDrawerVisualState.m; sourceTree = "<group>"; };
		38DA5BC91E70EF7C00028B75 /* UIViewController+MMDrawerController.h */ = {isa = PBXFileReference; fileEncoding = 4; lastKnownFileType = sourcecode.c.h; path = "UIViewController+MMDrawerController.h"; sourceTree = "<group>"; };
		38DA5BCA1E70EF7C00028B75 /* UIViewController+MMDrawerController.m */ = {isa = PBXFileReference; fileEncoding = 4; lastKnownFileType = sourcecode.c.objc; path = "UIViewController+MMDrawerController.m"; sourceTree = "<group>"; };
		38DA5BCC1E70EF7C00028B75 /* CircleView.h */ = {isa = PBXFileReference; fileEncoding = 4; lastKnownFileType = sourcecode.c.h; path = CircleView.h; sourceTree = "<group>"; };
		38DA5BCD1E70EF7C00028B75 /* CircleView.m */ = {isa = PBXFileReference; fileEncoding = 4; lastKnownFileType = sourcecode.c.objc; path = CircleView.m; sourceTree = "<group>"; };
		38DA5BCE1E70EF7C00028B75 /* DeviceListTableViewCell.h */ = {isa = PBXFileReference; fileEncoding = 4; lastKnownFileType = sourcecode.c.h; path = DeviceListTableViewCell.h; sourceTree = "<group>"; };
		38DA5BCF1E70EF7C00028B75 /* DeviceListTableViewCell.m */ = {isa = PBXFileReference; fileEncoding = 4; lastKnownFileType = sourcecode.c.objc; path = DeviceListTableViewCell.m; sourceTree = "<group>"; };
		38DA5BD01E70EF7C00028B75 /* GPButton.h */ = {isa = PBXFileReference; fileEncoding = 4; lastKnownFileType = sourcecode.c.h; path = GPButton.h; sourceTree = "<group>"; };
		38DA5BD11E70EF7C00028B75 /* GPButton.m */ = {isa = PBXFileReference; fileEncoding = 4; lastKnownFileType = sourcecode.c.objc; path = GPButton.m; sourceTree = "<group>"; };
		38DA5BD21E70EF7C00028B75 /* LeftVCTableViewCell.h */ = {isa = PBXFileReference; fileEncoding = 4; lastKnownFileType = sourcecode.c.h; path = LeftVCTableViewCell.h; sourceTree = "<group>"; };
		38DA5BD31E70EF7C00028B75 /* LeftVCTableViewCell.m */ = {isa = PBXFileReference; fileEncoding = 4; lastKnownFileType = sourcecode.c.objc; path = LeftVCTableViewCell.m; sourceTree = "<group>"; };
		38DA5BD51E70EF7C00028B75 /* GPPickerView.h */ = {isa = PBXFileReference; fileEncoding = 4; lastKnownFileType = sourcecode.c.h; path = GPPickerView.h; sourceTree = "<group>"; };
		38DA5BD61E70EF7C00028B75 /* GPPickerView.m */ = {isa = PBXFileReference; fileEncoding = 4; lastKnownFileType = sourcecode.c.objc; path = GPPickerView.m; sourceTree = "<group>"; };
		38DA5BD71E70EF7C00028B75 /* PickerViewCell.h */ = {isa = PBXFileReference; fileEncoding = 4; lastKnownFileType = sourcecode.c.h; path = PickerViewCell.h; sourceTree = "<group>"; };
		38DA5BD81E70EF7C00028B75 /* PickerViewCell.m */ = {isa = PBXFileReference; fileEncoding = 4; lastKnownFileType = sourcecode.c.objc; path = PickerViewCell.m; sourceTree = "<group>"; };
		38DA5BD91E70EF7C00028B75 /* SearchView.h */ = {isa = PBXFileReference; fileEncoding = 4; lastKnownFileType = sourcecode.c.h; path = SearchView.h; sourceTree = "<group>"; };
		38DA5BDA1E70EF7C00028B75 /* SearchView.m */ = {isa = PBXFileReference; fileEncoding = 4; lastKnownFileType = sourcecode.c.objc; path = SearchView.m; sourceTree = "<group>"; };
		38DA5BDB1E70EF7C00028B75 /* SetLanguageTableViewCell.h */ = {isa = PBXFileReference; fileEncoding = 4; lastKnownFileType = sourcecode.c.h; path = SetLanguageTableViewCell.h; sourceTree = "<group>"; };
		38DA5BDC1E70EF7C00028B75 /* SetLanguageTableViewCell.m */ = {isa = PBXFileReference; fileEncoding = 4; lastKnownFileType = sourcecode.c.objc; path = SetLanguageTableViewCell.m; sourceTree = "<group>"; };
		38DA5BDD1E70EF7C00028B75 /* SettingTableViewCell.h */ = {isa = PBXFileReference; fileEncoding = 4; lastKnownFileType = sourcecode.c.h; path = SettingTableViewCell.h; sourceTree = "<group>"; };
		38DA5BDE1E70EF7C00028B75 /* SettingTableViewCell.m */ = {isa = PBXFileReference; fileEncoding = 4; lastKnownFileType = sourcecode.c.objc; path = SettingTableViewCell.m; sourceTree = "<group>"; };
		38DA5BE01E70EF7C00028B75 /* DataBaseManager.h */ = {isa = PBXFileReference; fileEncoding = 4; lastKnownFileType = sourcecode.c.h; path = DataBaseManager.h; sourceTree = "<group>"; };
		38DA5BE11E70EF7C00028B75 /* DataBaseManager.m */ = {isa = PBXFileReference; fileEncoding = 4; lastKnownFileType = sourcecode.c.objc; path = DataBaseManager.m; sourceTree = "<group>"; };
		38DA5BE31E70EF7C00028B75 /* BimarDevice.h */ = {isa = PBXFileReference; fileEncoding = 4; lastKnownFileType = sourcecode.c.h; path = BimarDevice.h; sourceTree = "<group>"; };
		38DA5BE41E70EF7C00028B75 /* BimarDevice.m */ = {isa = PBXFileReference; fileEncoding = 4; lastKnownFileType = sourcecode.c.objc; path = BimarDevice.m; sourceTree = "<group>"; };
		38DA5BE71E70EF7C00028B75 /* appclearicon_bimar@2x.png */ = {isa = PBXFileReference; lastKnownFileType = image.png; path = "appclearicon_bimar@2x.png"; sourceTree = "<group>"; };
		38DA5BE81E70EF7C00028B75 /* banner_default@3x.png */ = {isa = PBXFileReference; lastKnownFileType = image.png; path = "banner_default@3x.png"; sourceTree = "<group>"; };
		38DA5BE91E70EF7C00028B75 /* bimarBtn定时@3x.png */ = {isa = PBXFileReference; lastKnownFileType = image.png; path = "bimarBtn定时@3x.png"; sourceTree = "<group>"; };
		38DA5BEA1E70EF7C00028B75 /* bimarBtn定时_gray@3x.png */ = {isa = PBXFileReference; lastKnownFileType = image.png; path = "bimarBtn定时_gray@3x.png"; sourceTree = "<group>"; };
		38DA5BEB1E70EF7C00028B75 /* bimarBtn开关@3x.png */ = {isa = PBXFileReference; lastKnownFileType = image.png; path = "bimarBtn开关@3x.png"; sourceTree = "<group>"; };
		38DA5BEC1E70EF7C00028B75 /* bimarBtn开关_gray@3x.png */ = {isa = PBXFileReference; lastKnownFileType = image.png; path = "bimarBtn开关_gray@3x.png"; sourceTree = "<group>"; };
		38DA5BED1E70EF7C00028B75 /* bimarBtn模式@3x.png */ = {isa = PBXFileReference; lastKnownFileType = image.png; path = "bimarBtn模式@3x.png"; sourceTree = "<group>"; };
		38DA5BEE1E70EF7C00028B75 /* bimarBtn模式_gray@3x.png */ = {isa = PBXFileReference; lastKnownFileType = image.png; path = "bimarBtn模式_gray@3x.png"; sourceTree = "<group>"; };
		38DA5BEF1E70EF7C00028B75 /* bimarBtn温度减@3x.png */ = {isa = PBXFileReference; lastKnownFileType = image.png; path = "bimarBtn温度减@3x.png"; sourceTree = "<group>"; };
		38DA5BF01E70EF7C00028B75 /* bimarBtn温度减_gray@3x.png */ = {isa = PBXFileReference; lastKnownFileType = image.png; path = "bimarBtn温度减_gray@3x.png"; sourceTree = "<group>"; };
		38DA5BF11E70EF7C00028B75 /* bimarBtn温度加@3x.png */ = {isa = PBXFileReference; lastKnownFileType = image.png; path = "bimarBtn温度加@3x.png"; sourceTree = "<group>"; };
		38DA5BF21E70EF7C00028B75 /* bimarBtn温度加_gray@3x.png */ = {isa = PBXFileReference; lastKnownFileType = image.png; path = "bimarBtn温度加_gray@3x.png"; sourceTree = "<group>"; };
		38DA5BF31E70EF7C00028B75 /* bimarBtn风速@3x.png */ = {isa = PBXFileReference; lastKnownFileType = image.png; path = "bimarBtn风速@3x.png"; sourceTree = "<group>"; };
		38DA5BF41E70EF7C00028B75 /* bimarBtn风速_gray@3x.png */ = {isa = PBXFileReference; lastKnownFileType = image.png; path = "bimarBtn风速_gray@3x.png"; sourceTree = "<group>"; };
		38DA5BF51E70EF7C00028B75 /* bimar关于@3x.png */ = {isa = PBXFileReference; lastKnownFileType = image.png; path = "bimar关于@3x.png"; sourceTree = "<group>"; };
		38DA5BF61E70EF7C00028B75 /* bimar华氏度@3x.png */ = {isa = PBXFileReference; lastKnownFileType = image.png; path = "bimar华氏度@3x.png"; sourceTree = "<group>"; };
		38DA5BF71E70EF7C00028B75 /* bimar声音@3x.png */ = {isa = PBXFileReference; lastKnownFileType = image.png; path = "bimar声音@3x.png"; sourceTree = "<group>"; };
		38DA5BF81E70EF7C00028B75 /* bimar意大利语@3x.png */ = {isa = PBXFileReference; lastKnownFileType = image.png; path = "bimar意大利语@3x.png"; sourceTree = "<group>"; };
		38DA5BF91E70EF7C00028B75 /* bimar摄氏度@3x.png */ = {isa = PBXFileReference; lastKnownFileType = image.png; path = "bimar摄氏度@3x.png"; sourceTree = "<group>"; };
		38DA5BFA1E70EF7C00028B75 /* bimar模式中火@3x.png */ = {isa = PBXFileReference; lastKnownFileType = image.png; path = "bimar模式中火@3x.png"; sourceTree = "<group>"; };
		38DA5BFB1E70EF7C00028B75 /* bimar模式大火@3x.png */ = {isa = PBXFileReference; lastKnownFileType = image.png; path = "bimar模式大火@3x.png"; sourceTree = "<group>"; };
		38DA5BFC1E70EF7C00028B75 /* bimar模式小火@3x.png */ = {isa = PBXFileReference; lastKnownFileType = image.png; path = "bimar模式小火@3x.png"; sourceTree = "<group>"; };
		38DA5BFD1E70EF7C00028B75 /* bimar模式防冻@3x.png */ = {isa = PBXFileReference; lastKnownFileType = image.png; path = "bimar模式防冻@3x.png"; sourceTree = "<group>"; };
		38DA5BFE1E70EF7C00028B75 /* bimar汉语@3x.png */ = {isa = PBXFileReference; lastKnownFileType = image.png; path = "bimar汉语@3x.png"; sourceTree = "<group>"; };
		38DA5BFF1E70EF7C00028B75 /* bimar背景@3x.png */ = {isa = PBXFileReference; lastKnownFileType = image.png; path = "bimar背景@3x.png"; sourceTree = "<group>"; };
		38DA5C001E70EF7C00028B75 /* bimar英语@3x.png */ = {isa = PBXFileReference; lastKnownFileType = image.png; path = "bimar英语@3x.png"; sourceTree = "<group>"; };
		38DA5C011E70EF7C00028B75 /* bimar语言@3x.png */ = {isa = PBXFileReference; lastKnownFileType = image.png; path = "bimar语言@3x.png"; sourceTree = "<group>"; };
		38DA5C021E70EF7C00028B75 /* bimar震动@3x.png */ = {isa = PBXFileReference; lastKnownFileType = image.png; path = "bimar震动@3x.png"; sourceTree = "<group>"; };
		38DA5C031E70EF7C00028B75 /* 列表更多@3x.png */ = {isa = PBXFileReference; lastKnownFileType = image.png; path = "列表更多@3x.png"; sourceTree = "<group>"; };
		38DA5C041E70EF7C00028B75 /* 左侧栏背景@3x.png */ = {isa = PBXFileReference; lastKnownFileType = image.png; path = "左侧栏背景@3x.png"; sourceTree = "<group>"; };
		38DA5C051E70EF7C00028B75 /* 左侧边栏logo@3x.png */ = {isa = PBXFileReference; lastKnownFileType = image.png; path = "左侧边栏logo@3x.png"; sourceTree = "<group>"; };
		38DA5C061E70EF7C00028B75 /* 设备信息@3x.png */ = {isa = PBXFileReference; lastKnownFileType = image.png; path = "设备信息@3x.png"; sourceTree = "<group>"; };
		38DA5C071E70EF7C00028B75 /* 远程重启@3x.png */ = {isa = PBXFileReference; lastKnownFileType = image.png; path = "远程重启@3x.png"; sourceTree = "<group>"; };
		38DA5C081E70EF7C00028B75 /* 问号@3x.png */ = {isa = PBXFileReference; lastKnownFileType = image.png; path = "问号@3x.png"; sourceTree = "<group>"; };
		38DA5C0A1E70EF7C00028B75 /* 修改密码.png */ = {isa = PBXFileReference; lastKnownFileType = image.png; path = "修改密码.png"; sourceTree = "<group>"; };
		38DA5C0B1E70EF7C00028B75 /* 修改昵称.png */ = {isa = PBXFileReference; lastKnownFileType = image.png; path = "修改昵称.png"; sourceTree = "<group>"; };
		38DA5C0D1E70EF7C00028B75 /* 删除.png */ = {isa = PBXFileReference; lastKnownFileType = image.png; path = "删除.png"; sourceTree = "<group>"; };
		38DA5C0E1E70EF7C00028B75 /* 叉.png */ = {isa = PBXFileReference; lastKnownFileType = image.png; path = "叉.png"; sourceTree = "<group>"; };
		38DA5C0F1E70EF7C00028B75 /* 室温144px.png */ = {isa = PBXFileReference; lastKnownFileType = image.png; path = "室温144px.png"; sourceTree = "<group>"; };
		38DA5C101E70EF7C00028B75 /* 密码.png */ = {isa = PBXFileReference; lastKnownFileType = image.png; path = "密码.png"; sourceTree = "<group>"; };
		38DA5C111E70EF7C00028B75 /* 搜索设备.png */ = {isa = PBXFileReference; lastKnownFileType = image.png; path = "搜索设备.png"; sourceTree = "<group>"; };
		38DA5C121E70EF7C00028B75 /* 更多@3x.png */ = {isa = PBXFileReference; lastKnownFileType = image.png; path = "更多@3x.png"; sourceTree = "<group>"; };
		38DA5C131E70EF7C00028B75 /* 添加@3x.png */ = {isa = PBXFileReference; lastKnownFileType = image.png; path = "添加@3x.png"; sourceTree = "<group>"; };
		38DA5C141E70EF7C00028B75 /* 用户名.png */ = {isa = PBXFileReference; lastKnownFileType = image.png; path = "用户名.png"; sourceTree = "<group>"; };
		38DA5C151E70EF7C00028B75 /* 箭头@3x.png */ = {isa = PBXFileReference; lastKnownFileType = image.png; path = "箭头@3x.png"; sourceTree = "<group>"; };
		38DA5C161E70EF7C00028B75 /* 设置.png */ = {isa = PBXFileReference; lastKnownFileType = image.png; path = "设置.png"; sourceTree = "<group>"; };
		38DA5C171E70EF7C00028B75 /* 返回@3x.png */ = {isa = PBXFileReference; lastKnownFileType = image.png; path = "返回@3x.png"; sourceTree = "<group>"; };
		38DA5C181E70EF7C00028B75 /* 退出.png */ = {isa = PBXFileReference; lastKnownFileType = image.png; path = "退出.png"; sourceTree = "<group>"; };
		38DA5C1A1E70EF7C00028B75 /* ChangeLanguage.h */ = {isa = PBXFileReference; fileEncoding = 4; lastKnownFileType = sourcecode.c.h; path = ChangeLanguage.h; sourceTree = "<group>"; };
		38DA5C1B1E70EF7C00028B75 /* ChangeLanguage.m */ = {isa = PBXFileReference; fileEncoding = 4; lastKnownFileType = sourcecode.c.objc; path = ChangeLanguage.m; sourceTree = "<group>"; };
		38DA5C1C1E70EF7C00028B75 /* GPUtil.h */ = {isa = PBXFileReference; fileEncoding = 4; lastKnownFileType = sourcecode.c.h; path = GPUtil.h; sourceTree = "<group>"; };
		38DA5C1D1E70EF7C00028B75 /* GPUtil.m */ = {isa = PBXFileReference; fileEncoding = 4; lastKnownFileType = sourcecode.c.objc; path = GPUtil.m; sourceTree = "<group>"; };
		38DA5C1E1E70EF7C00028B75 /* UIImage+RTTint.h */ = {isa = PBXFileReference; fileEncoding = 4; lastKnownFileType = sourcecode.c.h; path = "UIImage+RTTint.h"; sourceTree = "<group>"; };
		38DA5C1F1E70EF7C00028B75 /* UIImage+RTTint.m */ = {isa = PBXFileReference; fileEncoding = 4; lastKnownFileType = sourcecode.c.objc; path = "UIImage+RTTint.m"; sourceTree = "<group>"; };
		38DA5C201E70EF7C00028B75 /* UILabel+GPAligment.h */ = {isa = PBXFileReference; fileEncoding = 4; lastKnownFileType = sourcecode.c.h; path = "UILabel+GPAligment.h"; sourceTree = "<group>"; };
		38DA5C211E70EF7C00028B75 /* UILabel+GPAligment.m */ = {isa = PBXFileReference; fileEncoding = 4; lastKnownFileType = sourcecode.c.objc; path = "UILabel+GPAligment.m"; sourceTree = "<group>"; };
		38DA5C6C1E70EF9A00028B75 /* AddDeviceViewController.h */ = {isa = PBXFileReference; fileEncoding = 4; lastKnownFileType = sourcecode.c.h; path = AddDeviceViewController.h; sourceTree = "<group>"; };
		38DA5C6D1E70EF9A00028B75 /* AddDeviceViewController.m */ = {isa = PBXFileReference; fileEncoding = 4; lastKnownFileType = sourcecode.c.objc; path = AddDeviceViewController.m; sourceTree = "<group>"; };
		38DA5C6E1E70EF9A00028B75 /* BaseViewController.h */ = {isa = PBXFileReference; fileEncoding = 4; lastKnownFileType = sourcecode.c.h; path = BaseViewController.h; sourceTree = "<group>"; };
		38DA5C6F1E70EF9A00028B75 /* BaseViewController.m */ = {isa = PBXFileReference; fileEncoding = 4; lastKnownFileType = sourcecode.c.objc; path = BaseViewController.m; sourceTree = "<group>"; };
		38DA5C701E70EF9A00028B75 /* DeviceOperateViewController.h */ = {isa = PBXFileReference; fileEncoding = 4; lastKnownFileType = sourcecode.c.h; path = DeviceOperateViewController.h; sourceTree = "<group>"; };
		38DA5C711E70EF9A00028B75 /* DeviceOperateViewController.m */ = {isa = PBXFileReference; fileEncoding = 4; lastKnownFileType = sourcecode.c.objc; path = DeviceOperateViewController.m; sourceTree = "<group>"; };
		38DA5C721E70EF9A00028B75 /* LeftViewController.h */ = {isa = PBXFileReference; fileEncoding = 4; lastKnownFileType = sourcecode.c.h; path = LeftViewController.h; sourceTree = "<group>"; };
		38DA5C731E70EF9A00028B75 /* LeftViewController.m */ = {isa = PBXFileReference; fileEncoding = 4; lastKnownFileType = sourcecode.c.objc; path = LeftViewController.m; sourceTree = "<group>"; };
		38DA5C741E70EF9A00028B75 /* MoreViewController.h */ = {isa = PBXFileReference; fileEncoding = 4; lastKnownFileType = sourcecode.c.h; path = MoreViewController.h; sourceTree = "<group>"; };
		38DA5C751E70EF9A00028B75 /* MoreViewController.m */ = {isa = PBXFileReference; fileEncoding = 4; lastKnownFileType = sourcecode.c.objc; path = MoreViewController.m; sourceTree = "<group>"; };
		38DA5C761E70EF9A00028B75 /* SearchDeviceViewController.h */ = {isa = PBXFileReference; fileEncoding = 4; lastKnownFileType = sourcecode.c.h; path = SearchDeviceViewController.h; sourceTree = "<group>"; };
		38DA5C771E70EF9A00028B75 /* SearchDeviceViewController.m */ = {isa = PBXFileReference; fileEncoding = 4; lastKnownFileType = sourcecode.c.objc; path = SearchDeviceViewController.m; sourceTree = "<group>"; };
		38DA5C781E70EF9A00028B75 /* SearchResultViewController.h */ = {isa = PBXFileReference; fileEncoding = 4; lastKnownFileType = sourcecode.c.h; path = SearchResultViewController.h; sourceTree = "<group>"; };
		38DA5C791E70EF9A00028B75 /* SearchResultViewController.m */ = {isa = PBXFileReference; fileEncoding = 4; lastKnownFileType = sourcecode.c.objc; path = SearchResultViewController.m; sourceTree = "<group>"; };
		38DA5C7A1E70EF9A00028B75 /* SettingViewController.h */ = {isa = PBXFileReference; fileEncoding = 4; lastKnownFileType = sourcecode.c.h; path = SettingViewController.h; sourceTree = "<group>"; };
		38DA5C7B1E70EF9A00028B75 /* SettingViewController.m */ = {isa = PBXFileReference; fileEncoding = 4; lastKnownFileType = sourcecode.c.objc; path = SettingViewController.m; sourceTree = "<group>"; };
		38DA5C841E70EFEA00028B75 /* PrefixHeader.pch */ = {isa = PBXFileReference; lastKnownFileType = sourcecode.c.h; path = PrefixHeader.pch; sourceTree = "<group>"; };
		38DA5C861E70F03200028B75 /* libsqlite3.tbd */ = {isa = PBXFileReference; lastKnownFileType = "sourcecode.text-based-dylib-definition"; name = libsqlite3.tbd; path = usr/lib/libsqlite3.tbd; sourceTree = SDKROOT; };
		38DA5C881E70F05800028B75 /* zh-Hans */ = {isa = PBXFileReference; lastKnownFileType = text.plist.strings; name = "zh-Hans"; path = "zh-Hans.lproj/Main.strings"; sourceTree = "<group>"; };
		38DA5C891E70F05800028B75 /* zh-Hans */ = {isa = PBXFileReference; lastKnownFileType = text.plist.strings; name = "zh-Hans"; path = "zh-Hans.lproj/LaunchScreen.strings"; sourceTree = "<group>"; };
		38DA5C8D1E70F07100028B75 /* en */ = {isa = PBXFileReference; lastKnownFileType = text.plist.strings; name = en; path = en.lproj/Language.strings; sourceTree = "<group>"; };
		38DA5C8F1E70F07300028B75 /* zh-Hans */ = {isa = PBXFileReference; lastKnownFileType = text.plist.strings; name = "zh-Hans"; path = "zh-Hans.lproj/Language.strings"; sourceTree = "<group>"; };
		38DA5C951E7130B200028B75 /* 关于.png */ = {isa = PBXFileReference; lastKnownFileType = image.png; path = "关于.png"; sourceTree = "<group>"; };
		38DA5C971E7133FC00028B75 /* ModifyPasswordViewController.h */ = {isa = PBXFileReference; fileEncoding = 4; lastKnownFileType = sourcecode.c.h; path = ModifyPasswordViewController.h; sourceTree = "<group>"; };
		38DA5C981E7133FC00028B75 /* ModifyPasswordViewController.m */ = {isa = PBXFileReference; fileEncoding = 4; lastKnownFileType = sourcecode.c.objc; path = ModifyPasswordViewController.m; sourceTree = "<group>"; };
/* End PBXFileReference section */

/* Begin PBXFrameworksBuildPhase section */
		38DA5B761E70EEA800028B75 /* Frameworks */ = {
			isa = PBXFrameworksBuildPhase;
			buildActionMask = 2147483647;
			files = (
				38DA5C871E70F03200028B75 /* libsqlite3.tbd in Frameworks */,
			);
			runOnlyForDeploymentPostprocessing = 0;
		};
		38DA5B8F1E70EEA800028B75 /* Frameworks */ = {
			isa = PBXFrameworksBuildPhase;
			buildActionMask = 2147483647;
			files = (
			);
			runOnlyForDeploymentPostprocessing = 0;
		};
		38DA5B9A1E70EEA800028B75 /* Frameworks */ = {
			isa = PBXFrameworksBuildPhase;
			buildActionMask = 2147483647;
			files = (
			);
			runOnlyForDeploymentPostprocessing = 0;
		};
/* End PBXFrameworksBuildPhase section */

/* Begin PBXGroup section */
		38DA5B701E70EEA800028B75 = {
			isa = PBXGroup;
			children = (
				38DA5B7B1E70EEA800028B75 /* warmwind */,
				38DA5B951E70EEA800028B75 /* warmwindTests */,
				38DA5BA01E70EEA800028B75 /* warmwindUITests */,
				38DA5B7A1E70EEA800028B75 /* Products */,
				38DA5C851E70F03200028B75 /* Frameworks */,
			);
			sourceTree = "<group>";
		};
		38DA5B7A1E70EEA800028B75 /* Products */ = {
			isa = PBXGroup;
			children = (
				38DA5B791E70EEA800028B75 /* warmwind.app */,
				38DA5B921E70EEA800028B75 /* warmwindTests.xctest */,
				38DA5B9D1E70EEA800028B75 /* warmwindUITests.xctest */,
			);
			name = Products;
			sourceTree = "<group>";
		};
		38DA5B7B1E70EEA800028B75 /* warmwind */ = {
			isa = PBXGroup;
			children = (
				38DA5BE51E70EF7C00028B75 /* resource */,
				38DA5BAF1E70EEB800028B75 /* Application */,
				38DA5C191E70EF7C00028B75 /* Tool */,
				38DA5BDF1E70EF7C00028B75 /* Manager */,
				38DA5BB11E70EF7C00028B75 /* 3rd */,
				38DA5BCB1E70EF7C00028B75 /* CustomView */,
				38DA5BE21E70EF7C00028B75 /* model */,
				38DA5BB01E70EECE00028B75 /* ViewControllers */,
				38DA5B851E70EEA800028B75 /* Main.storyboard */,
				38DA5B881E70EEA800028B75 /* Assets.xcassets */,
				38DA5B8A1E70EEA800028B75 /* LaunchScreen.storyboard */,
				38DA5B8D1E70EEA800028B75 /* Info.plist */,
				38DA5B7C1E70EEA800028B75 /* Supporting Files */,
			);
			path = warmwind;
			sourceTree = "<group>";
		};
		38DA5B7C1E70EEA800028B75 /* Supporting Files */ = {
			isa = PBXGroup;
			children = (
				38DA5B7D1E70EEA800028B75 /* main.m */,
				38DA5C8E1E70F07100028B75 /* Language.strings */,
			);
			name = "Supporting Files";
			sourceTree = "<group>";
		};
		38DA5B951E70EEA800028B75 /* warmwindTests */ = {
			isa = PBXGroup;
			children = (
				38DA5B961E70EEA800028B75 /* warmwindTests.m */,
				38DA5B981E70EEA800028B75 /* Info.plist */,
			);
			path = warmwindTests;
			sourceTree = "<group>";
		};
		38DA5BA01E70EEA800028B75 /* warmwindUITests */ = {
			isa = PBXGroup;
			children = (
				38DA5BA11E70EEA800028B75 /* warmwindUITests.m */,
				38DA5BA31E70EEA800028B75 /* Info.plist */,
			);
			path = warmwindUITests;
			sourceTree = "<group>";
		};
		38DA5BAF1E70EEB800028B75 /* Application */ = {
			isa = PBXGroup;
			children = (
				38DA5B7F1E70EEA800028B75 /* AppDelegate.h */,
				38DA5B801E70EEA800028B75 /* AppDelegate.m */,
				38DA5C841E70EFEA00028B75 /* PrefixHeader.pch */,
			);
			path = Application;
			sourceTree = "<group>";
		};
		38DA5BB01E70EECE00028B75 /* ViewControllers */ = {
			isa = PBXGroup;
			children = (
				38DA5C721E70EF9A00028B75 /* LeftViewController.h */,
				38DA5C731E70EF9A00028B75 /* LeftViewController.m */,
				38DA5C6E1E70EF9A00028B75 /* BaseViewController.h */,
				38DA5C6F1E70EF9A00028B75 /* BaseViewController.m */,
				38DA5B821E70EEA800028B75 /* ViewController.h */,
				38DA5B831E70EEA800028B75 /* ViewController.m */,
				38DA5C761E70EF9A00028B75 /* SearchDeviceViewController.h */,
				38DA5C771E70EF9A00028B75 /* SearchDeviceViewController.m */,
				38DA5C781E70EF9A00028B75 /* SearchResultViewController.h */,
				38DA5C791E70EF9A00028B75 /* SearchResultViewController.m */,
				38DA5C971E7133FC00028B75 /* ModifyPasswordViewController.h */,
				38DA5C981E7133FC00028B75 /* ModifyPasswordViewController.m */,
				38DA5C6C1E70EF9A00028B75 /* AddDeviceViewController.h */,
				38DA5C6D1E70EF9A00028B75 /* AddDeviceViewController.m */,
				38DA5C701E70EF9A00028B75 /* DeviceOperateViewController.h */,
				38DA5C711E70EF9A00028B75 /* DeviceOperateViewController.m */,
				38DA5C741E70EF9A00028B75 /* MoreViewController.h */,
				38DA5C751E70EF9A00028B75 /* MoreViewController.m */,
				3805F1901E7236D00007F598 /* DeviceInfoViewController.h */,
				3805F1911E7236D00007F598 /* DeviceInfoViewController.m */,
				38DA5C7A1E70EF9A00028B75 /* SettingViewController.h */,
				38DA5C7B1E70EF9A00028B75 /* SettingViewController.m */,
				3805F1961E7246D90007F598 /* AboutUsViewController.h */,
				3805F1971E7246D90007F598 /* AboutUsViewController.m */,
			);
			path = ViewControllers;
			sourceTree = "<group>";
		};
		38DA5BB11E70EF7C00028B75 /* 3rd */ = {
			isa = PBXGroup;
			children = (
				38DA5BB21E70EF7C00028B75 /* FMDB */,
				38DA5BBE1E70EF7C00028B75 /* MBProgressHUD */,
				38DA5BC11E70EF7C00028B75 /* MMDrawerController */,
			);
			path = 3rd;
			sourceTree = "<group>";
		};
		38DA5BB21E70EF7C00028B75 /* FMDB */ = {
			isa = PBXGroup;
			children = (
				38DA5BB31E70EF7C00028B75 /* FMDatabase.h */,
				38DA5BB41E70EF7C00028B75 /* FMDatabase.m */,
				38DA5BB51E70EF7C00028B75 /* FMDatabaseAdditions.h */,
				38DA5BB61E70EF7C00028B75 /* FMDatabaseAdditions.m */,
				38DA5BB71E70EF7C00028B75 /* FMDatabasePool.h */,
				38DA5BB81E70EF7C00028B75 /* FMDatabasePool.m */,
				38DA5BB91E70EF7C00028B75 /* FMDatabaseQueue.h */,
				38DA5BBA1E70EF7C00028B75 /* FMDatabaseQueue.m */,
				38DA5BBB1E70EF7C00028B75 /* FMDB.h */,
				38DA5BBC1E70EF7C00028B75 /* FMResultSet.h */,
				38DA5BBD1E70EF7C00028B75 /* FMResultSet.m */,
			);
			path = FMDB;
			sourceTree = "<group>";
		};
		38DA5BBE1E70EF7C00028B75 /* MBProgressHUD */ = {
			isa = PBXGroup;
			children = (
				38DA5BBF1E70EF7C00028B75 /* MBProgressHUD.h */,
				38DA5BC01E70EF7C00028B75 /* MBProgressHUD.m */,
			);
			path = MBProgressHUD;
			sourceTree = "<group>";
		};
		38DA5BC11E70EF7C00028B75 /* MMDrawerController */ = {
			isa = PBXGroup;
			children = (
				38DA5BC21E70EF7C00028B75 /* MMDrawerBarButtonItem.h */,
				38DA5BC31E70EF7C00028B75 /* MMDrawerBarButtonItem.m */,
				38DA5BC41E70EF7C00028B75 /* MMDrawerController+Subclass.h */,
				38DA5BC51E70EF7C00028B75 /* MMDrawerController.h */,
				38DA5BC61E70EF7C00028B75 /* MMDrawerController.m */,
				38DA5BC71E70EF7C00028B75 /* MMDrawerVisualState.h */,
				38DA5BC81E70EF7C00028B75 /* MMDrawerVisualState.m */,
				38DA5BC91E70EF7C00028B75 /* UIViewController+MMDrawerController.h */,
				38DA5BCA1E70EF7C00028B75 /* UIViewController+MMDrawerController.m */,
			);
			path = MMDrawerController;
			sourceTree = "<group>";
		};
		38DA5BCB1E70EF7C00028B75 /* CustomView */ = {
			isa = PBXGroup;
			children = (
				38DA5BD41E70EF7C00028B75 /* pickerView */,
				38DA5BCC1E70EF7C00028B75 /* CircleView.h */,
				38DA5BCD1E70EF7C00028B75 /* CircleView.m */,
				38DA5BCE1E70EF7C00028B75 /* DeviceListTableViewCell.h */,
				38DA5BCF1E70EF7C00028B75 /* DeviceListTableViewCell.m */,
				38DA5BD01E70EF7C00028B75 /* GPButton.h */,
				38DA5BD11E70EF7C00028B75 /* GPButton.m */,
				38DA5BD21E70EF7C00028B75 /* LeftVCTableViewCell.h */,
				38DA5BD31E70EF7C00028B75 /* LeftVCTableViewCell.m */,
				3805F1931E723C9F0007F598 /* DeviceInfoTableViewCell.h */,
				3805F1941E723C9F0007F598 /* DeviceInfoTableViewCell.m */,
				38DA5BD91E70EF7C00028B75 /* SearchView.h */,
				38DA5BDA1E70EF7C00028B75 /* SearchView.m */,
				38DA5BDB1E70EF7C00028B75 /* SetLanguageTableViewCell.h */,
				38DA5BDC1E70EF7C00028B75 /* SetLanguageTableViewCell.m */,
				38DA5BDD1E70EF7C00028B75 /* SettingTableViewCell.h */,
				38DA5BDE1E70EF7C00028B75 /* SettingTableViewCell.m */,
			);
			path = CustomView;
			sourceTree = "<group>";
		};
		38DA5BD41E70EF7C00028B75 /* pickerView */ = {
			isa = PBXGroup;
			children = (
				38DA5BD51E70EF7C00028B75 /* GPPickerView.h */,
				38DA5BD61E70EF7C00028B75 /* GPPickerView.m */,
				38DA5BD71E70EF7C00028B75 /* PickerViewCell.h */,
				38DA5BD81E70EF7C00028B75 /* PickerViewCell.m */,
			);
			path = pickerView;
			sourceTree = "<group>";
		};
		38DA5BDF1E70EF7C00028B75 /* Manager */ = {
			isa = PBXGroup;
			children = (
				38DA5BE01E70EF7C00028B75 /* DataBaseManager.h */,
				38DA5BE11E70EF7C00028B75 /* DataBaseManager.m */,
			);
			path = Manager;
			sourceTree = "<group>";
		};
		38DA5BE21E70EF7C00028B75 /* model */ = {
			isa = PBXGroup;
			children = (
				38DA5BE31E70EF7C00028B75 /* BimarDevice.h */,
				38DA5BE41E70EF7C00028B75 /* BimarDevice.m */,
			);
			path = model;
			sourceTree = "<group>";
		};
		38DA5BE51E70EF7C00028B75 /* resource */ = {
			isa = PBXGroup;
			children = (
				38DA5BE61E70EF7C00028B75 /* iOS */,
				38DA5C091E70EF7C00028B75 /* 通用图标 */,
			);
			path = resource;
			sourceTree = "<group>";
		};
		38DA5BE61E70EF7C00028B75 /* iOS */ = {
			isa = PBXGroup;
			children = (
				38DA5BE71E70EF7C00028B75 /* appclearicon_bimar@2x.png */,
				38DA5BE81E70EF7C00028B75 /* banner_default@3x.png */,
				38DA5BE91E70EF7C00028B75 /* bimarBtn定时@3x.png */,
				38DA5BEA1E70EF7C00028B75 /* bimarBtn定时_gray@3x.png */,
				38DA5BEB1E70EF7C00028B75 /* bimarBtn开关@3x.png */,
				38DA5BEC1E70EF7C00028B75 /* bimarBtn开关_gray@3x.png */,
				38DA5BED1E70EF7C00028B75 /* bimarBtn模式@3x.png */,
				38DA5BEE1E70EF7C00028B75 /* bimarBtn模式_gray@3x.png */,
				38DA5BEF1E70EF7C00028B75 /* bimarBtn温度减@3x.png */,
				38DA5BF01E70EF7C00028B75 /* bimarBtn温度减_gray@3x.png */,
				38DA5BF11E70EF7C00028B75 /* bimarBtn温度加@3x.png */,
				38DA5BF21E70EF7C00028B75 /* bimarBtn温度加_gray@3x.png */,
				38DA5BF31E70EF7C00028B75 /* bimarBtn风速@3x.png */,
				38DA5BF41E70EF7C00028B75 /* bimarBtn风速_gray@3x.png */,
				38DA5BF51E70EF7C00028B75 /* bimar关于@3x.png */,
				38DA5BF61E70EF7C00028B75 /* bimar华氏度@3x.png */,
				38DA5BF71E70EF7C00028B75 /* bimar声音@3x.png */,
				38DA5BF81E70EF7C00028B75 /* bimar意大利语@3x.png */,
				38DA5BF91E70EF7C00028B75 /* bimar摄氏度@3x.png */,
				38DA5BFA1E70EF7C00028B75 /* bimar模式中火@3x.png */,
				38DA5BFB1E70EF7C00028B75 /* bimar模式大火@3x.png */,
				38DA5BFC1E70EF7C00028B75 /* bimar模式小火@3x.png */,
				38DA5BFD1E70EF7C00028B75 /* bimar模式防冻@3x.png */,
				38DA5BFE1E70EF7C00028B75 /* bimar汉语@3x.png */,
				38DA5BFF1E70EF7C00028B75 /* bimar背景@3x.png */,
				38DA5C001E70EF7C00028B75 /* bimar英语@3x.png */,
				38DA5C011E70EF7C00028B75 /* bimar语言@3x.png */,
				38DA5C021E70EF7C00028B75 /* bimar震动@3x.png */,
				38DA5C031E70EF7C00028B75 /* 列表更多@3x.png */,
				38DA5C041E70EF7C00028B75 /* 左侧栏背景@3x.png */,
				38DA5C051E70EF7C00028B75 /* 左侧边栏logo@3x.png */,
				38DA5C061E70EF7C00028B75 /* 设备信息@3x.png */,
				38DA5C071E70EF7C00028B75 /* 远程重启@3x.png */,
				38DA5C081E70EF7C00028B75 /* 问号@3x.png */,
			);
			path = iOS;
			sourceTree = "<group>";
		};
		38DA5C091E70EF7C00028B75 /* 通用图标 */ = {
			isa = PBXGroup;
			children = (
				3805F1991E724AAD0007F598 /* 1024.png */,
				38DA5C0A1E70EF7C00028B75 /* 修改密码.png */,
				38DA5C0B1E70EF7C00028B75 /* 修改昵称.png */,
				38DA5C0D1E70EF7C00028B75 /* 删除.png */,
				38DA5C951E7130B200028B75 /* 关于.png */,
				38DA5C0E1E70EF7C00028B75 /* 叉.png */,
				38DA5C0F1E70EF7C00028B75 /* 室温144px.png */,
				38DA5C101E70EF7C00028B75 /* 密码.png */,
				38DA5C111E70EF7C00028B75 /* 搜索设备.png */,
				38DA5C121E70EF7C00028B75 /* 更多@3x.png */,
				38DA5C131E70EF7C00028B75 /* 添加@3x.png */,
				38DA5C141E70EF7C00028B75 /* 用户名.png */,
				38DA5C151E70EF7C00028B75 /* 箭头@3x.png */,
				38DA5C161E70EF7C00028B75 /* 设置.png */,
				38DA5C171E70EF7C00028B75 /* 返回@3x.png */,
				38DA5C181E70EF7C00028B75 /* 退出.png */,
			);
			path = "通用图标";
			sourceTree = "<group>";
		};
		38DA5C191E70EF7C00028B75 /* Tool */ = {
			isa = PBXGroup;
			children = (
				38DA5C1A1E70EF7C00028B75 /* ChangeLanguage.h */,
				38DA5C1B1E70EF7C00028B75 /* ChangeLanguage.m */,
				38DA5C1C1E70EF7C00028B75 /* GPUtil.h */,
				38DA5C1D1E70EF7C00028B75 /* GPUtil.m */,
				38DA5C1E1E70EF7C00028B75 /* UIImage+RTTint.h */,
				38DA5C1F1E70EF7C00028B75 /* UIImage+RTTint.m */,
				38DA5C201E70EF7C00028B75 /* UILabel+GPAligment.h */,
				38DA5C211E70EF7C00028B75 /* UILabel+GPAligment.m */,
			);
			path = Tool;
			sourceTree = "<group>";
		};
		38DA5C851E70F03200028B75 /* Frameworks */ = {
			isa = PBXGroup;
			children = (
				38DA5C861E70F03200028B75 /* libsqlite3.tbd */,
			);
			name = Frameworks;
			sourceTree = "<group>";
		};
/* End PBXGroup section */

/* Begin PBXNativeTarget section */
		38DA5B781E70EEA800028B75 /* warmwind */ = {
			isa = PBXNativeTarget;
			buildConfigurationList = 38DA5BA61E70EEA800028B75 /* Build configuration list for PBXNativeTarget "warmwind" */;
			buildPhases = (
				38DA5B751E70EEA800028B75 /* Sources */,
				38DA5B761E70EEA800028B75 /* Frameworks */,
				38DA5B771E70EEA800028B75 /* Resources */,
			);
			buildRules = (
			);
			dependencies = (
			);
			name = warmwind;
			productName = warmwind;
			productReference = 38DA5B791E70EEA800028B75 /* warmwind.app */;
			productType = "com.apple.product-type.application";
		};
		38DA5B911E70EEA800028B75 /* warmwindTests */ = {
			isa = PBXNativeTarget;
			buildConfigurationList = 38DA5BA91E70EEA800028B75 /* Build configuration list for PBXNativeTarget "warmwindTests" */;
			buildPhases = (
				38DA5B8E1E70EEA800028B75 /* Sources */,
				38DA5B8F1E70EEA800028B75 /* Frameworks */,
				38DA5B901E70EEA800028B75 /* Resources */,
			);
			buildRules = (
			);
			dependencies = (
				38DA5B941E70EEA800028B75 /* PBXTargetDependency */,
			);
			name = warmwindTests;
			productName = warmwindTests;
			productReference = 38DA5B921E70EEA800028B75 /* warmwindTests.xctest */;
			productType = "com.apple.product-type.bundle.unit-test";
		};
		38DA5B9C1E70EEA800028B75 /* warmwindUITests */ = {
			isa = PBXNativeTarget;
			buildConfigurationList = 38DA5BAC1E70EEA800028B75 /* Build configuration list for PBXNativeTarget "warmwindUITests" */;
			buildPhases = (
				38DA5B991E70EEA800028B75 /* Sources */,
				38DA5B9A1E70EEA800028B75 /* Frameworks */,
				38DA5B9B1E70EEA800028B75 /* Resources */,
			);
			buildRules = (
			);
			dependencies = (
				38DA5B9F1E70EEA800028B75 /* PBXTargetDependency */,
			);
			name = warmwindUITests;
			productName = warmwindUITests;
			productReference = 38DA5B9D1E70EEA800028B75 /* warmwindUITests.xctest */;
			productType = "com.apple.product-type.bundle.ui-testing";
		};
/* End PBXNativeTarget section */

/* Begin PBXProject section */
		38DA5B711E70EEA800028B75 /* Project object */ = {
			isa = PBXProject;
			attributes = {
				LastUpgradeCheck = 0820;
				ORGANIZATIONNAME = galaxyWind;
				TargetAttributes = {
					38DA5B781E70EEA800028B75 = {
						CreatedOnToolsVersion = 8.2.1;
						DevelopmentTeam = 3Q2MJ36ZMT;
						ProvisioningStyle = Automatic;
					};
					38DA5B911E70EEA800028B75 = {
						CreatedOnToolsVersion = 8.2.1;
						DevelopmentTeam = 3Q2MJ36ZMT;
						ProvisioningStyle = Automatic;
						TestTargetID = 38DA5B781E70EEA800028B75;
					};
					38DA5B9C1E70EEA800028B75 = {
						CreatedOnToolsVersion = 8.2.1;
						DevelopmentTeam = 3Q2MJ36ZMT;
						ProvisioningStyle = Automatic;
						TestTargetID = 38DA5B781E70EEA800028B75;
					};
				};
			};
			buildConfigurationList = 38DA5B741E70EEA800028B75 /* Build configuration list for PBXProject "warmwind" */;
			compatibilityVersion = "Xcode 3.2";
			developmentRegion = English;
			hasScannedForEncodings = 0;
			knownRegions = (
				en,
				Base,
				"zh-Hans",
			);
			mainGroup = 38DA5B701E70EEA800028B75;
			productRefGroup = 38DA5B7A1E70EEA800028B75 /* Products */;
			projectDirPath = "";
			projectRoot = "";
			targets = (
				38DA5B781E70EEA800028B75 /* warmwind */,
				38DA5B911E70EEA800028B75 /* warmwindTests */,
				38DA5B9C1E70EEA800028B75 /* warmwindUITests */,
			);
		};
/* End PBXProject section */

/* Begin PBXResourcesBuildPhase section */
		38DA5B771E70EEA800028B75 /* Resources */ = {
			isa = PBXResourcesBuildPhase;
			buildActionMask = 2147483647;
			files = (
				3805F19A1E724AAD0007F598 /* 1024.png in Resources */,
				38DA5C571E70EF7C00028B75 /* 远程重启@3x.png in Resources */,
				38DA5C561E70EF7C00028B75 /* 设备信息@3x.png in Resources */,
				38DA5C381E70EF7C00028B75 /* banner_default@3x.png in Resources */,
				38DA5C551E70EF7C00028B75 /* 左侧边栏logo@3x.png in Resources */,
				38DA5C3B1E70EF7C00028B75 /* bimarBtn开关@3x.png in Resources */,
				38DA5C4C1E70EF7C00028B75 /* bimar模式小火@3x.png in Resources */,
				38DA5C631E70EF7C00028B75 /* 用户名.png in Resources */,
				38DA5B8C1E70EEA800028B75 /* LaunchScreen.storyboard in Resources */,
				38DA5C4B1E70EF7C00028B75 /* bimar模式大火@3x.png in Resources */,
				38DA5C621E70EF7C00028B75 /* 添加@3x.png in Resources */,
				38DA5C391E70EF7C00028B75 /* bimarBtn定时@3x.png in Resources */,
				38DA5C5D1E70EF7C00028B75 /* 叉.png in Resources */,
				38DA5C441E70EF7C00028B75 /* bimarBtn风速_gray@3x.png in Resources */,
				38DA5C3D1E70EF7C00028B75 /* bimarBtn模式@3x.png in Resources */,
				38DA5C661E70EF7C00028B75 /* 返回@3x.png in Resources */,
				38DA5C3F1E70EF7C00028B75 /* bimarBtn温度减@3x.png in Resources */,
				38DA5C411E70EF7C00028B75 /* bimarBtn温度加@3x.png in Resources */,
				38DA5C4F1E70EF7C00028B75 /* bimar背景@3x.png in Resources */,
				38DA5C4D1E70EF7C00028B75 /* bimar模式防冻@3x.png in Resources */,
				38DA5C401E70EF7C00028B75 /* bimarBtn温度减_gray@3x.png in Resources */,
				38DA5C461E70EF7C00028B75 /* bimar华氏度@3x.png in Resources */,
				38DA5C4A1E70EF7C00028B75 /* bimar模式中火@3x.png in Resources */,
				38DA5C5F1E70EF7C00028B75 /* 密码.png in Resources */,
				38DA5C501E70EF7C00028B75 /* bimar英语@3x.png in Resources */,
				38DA5C581E70EF7C00028B75 /* 问号@3x.png in Resources */,
				38DA5C651E70EF7C00028B75 /* 设置.png in Resources */,
				38DA5C541E70EF7C00028B75 /* 左侧栏背景@3x.png in Resources */,
				38DA5C371E70EF7C00028B75 /* appclearicon_bimar@2x.png in Resources */,
				38DA5C5E1E70EF7C00028B75 /* 室温144px.png in Resources */,
				38DA5C451E70EF7C00028B75 /* bimar关于@3x.png in Resources */,
				38DA5C511E70EF7C00028B75 /* bimar语言@3x.png in Resources */,
				38DA5C641E70EF7C00028B75 /* 箭头@3x.png in Resources */,
				38DA5C3C1E70EF7C00028B75 /* bimarBtn开关_gray@3x.png in Resources */,
				38DA5C611E70EF7C00028B75 /* 更多@3x.png in Resources */,
				38DA5C521E70EF7C00028B75 /* bimar震动@3x.png in Resources */,
				38DA5C491E70EF7C00028B75 /* bimar摄氏度@3x.png in Resources */,
				38DA5C531E70EF7C00028B75 /* 列表更多@3x.png in Resources */,
				38DA5C3A1E70EF7C00028B75 /* bimarBtn定时_gray@3x.png in Resources */,
				38DA5C671E70EF7C00028B75 /* 退出.png in Resources */,
				38DA5C5C1E70EF7C00028B75 /* 删除.png in Resources */,
				38DA5C431E70EF7C00028B75 /* bimarBtn风速@3x.png in Resources */,
				38DA5C4E1E70EF7C00028B75 /* bimar汉语@3x.png in Resources */,
				38DA5B891E70EEA800028B75 /* Assets.xcassets in Resources */,
				38DA5C5A1E70EF7C00028B75 /* 修改昵称.png in Resources */,
				38DA5C8C1E70F07100028B75 /* Language.strings in Resources */,
				38DA5B871E70EEA800028B75 /* Main.storyboard in Resources */,
				38DA5C3E1E70EF7C00028B75 /* bimarBtn模式_gray@3x.png in Resources */,
				38DA5C961E7130B200028B75 /* 关于.png in Resources */,
				38DA5C601E70EF7C00028B75 /* 搜索设备.png in Resources */,
				38DA5C471E70EF7C00028B75 /* bimar声音@3x.png in Resources */,
				38DA5C421E70EF7C00028B75 /* bimarBtn温度加_gray@3x.png in Resources */,
				38DA5C481E70EF7C00028B75 /* bimar意大利语@3x.png in Resources */,
				38DA5C591E70EF7C00028B75 /* 修改密码.png in Resources */,
			);
			runOnlyForDeploymentPostprocessing = 0;
		};
		38DA5B901E70EEA800028B75 /* Resources */ = {
			isa = PBXResourcesBuildPhase;
			buildActionMask = 2147483647;
			files = (
			);
			runOnlyForDeploymentPostprocessing = 0;
		};
		38DA5B9B1E70EEA800028B75 /* Resources */ = {
			isa = PBXResourcesBuildPhase;
			buildActionMask = 2147483647;
			files = (
			);
			runOnlyForDeploymentPostprocessing = 0;
		};
/* End PBXResourcesBuildPhase section */

/* Begin PBXSourcesBuildPhase section */
		38DA5B751E70EEA800028B75 /* Sources */ = {
			isa = PBXSourcesBuildPhase;
			buildActionMask = 2147483647;
			files = (
				38DA5C2A1E70EF7C00028B75 /* MMDrawerVisualState.m in Sources */,
				38DA5C7D1E70EF9A00028B75 /* BaseViewController.m in Sources */,
				38DA5B841E70EEA800028B75 /* ViewController.m in Sources */,
				38DA5C331E70EF7C00028B75 /* SetLanguageTableViewCell.m in Sources */,
				38DA5C361E70EF7C00028B75 /* BimarDevice.m in Sources */,
				38DA5C241E70EF7C00028B75 /* FMDatabasePool.m in Sources */,
				38DA5B811E70EEA800028B75 /* AppDelegate.m in Sources */,
				38DA5C7C1E70EF9A00028B75 /* AddDeviceViewController.m in Sources */,
				38DA5C811E70EF9A00028B75 /* SearchDeviceViewController.m in Sources */,
				38DA5C2C1E70EF7C00028B75 /* CircleView.m in Sources */,
				38DA5C301E70EF7C00028B75 /* GPPickerView.m in Sources */,
				38DA5C351E70EF7C00028B75 /* DataBaseManager.m in Sources */,
				38DA5C291E70EF7C00028B75 /* MMDrawerController.m in Sources */,
				38DA5C251E70EF7C00028B75 /* FMDatabaseQueue.m in Sources */,
				3805F1921E7236D00007F598 /* DeviceInfoViewController.m in Sources */,
				38DA5C321E70EF7C00028B75 /* SearchView.m in Sources */,
				38DA5C6B1E70EF7C00028B75 /* UILabel+GPAligment.m in Sources */,
				38DA5C271E70EF7C00028B75 /* MBProgressHUD.m in Sources */,
				38DA5C2E1E70EF7C00028B75 /* GPButton.m in Sources */,
				38DA5C691E70EF7C00028B75 /* GPUtil.m in Sources */,
				3805F1981E7246D90007F598 /* AboutUsViewController.m in Sources */,
				38DA5C7E1E70EF9A00028B75 /* DeviceOperateViewController.m in Sources */,
				38DA5C2F1E70EF7C00028B75 /* LeftVCTableViewCell.m in Sources */,
				3805F1951E723C9F0007F598 /* DeviceInfoTableViewCell.m in Sources */,
				38DA5C311E70EF7C00028B75 /* PickerViewCell.m in Sources */,
				38DA5B7E1E70EEA800028B75 /* main.m in Sources */,
				38DA5C831E70EF9A00028B75 /* SettingViewController.m in Sources */,
				38DA5C681E70EF7C00028B75 /* ChangeLanguage.m in Sources */,
				38DA5C221E70EF7C00028B75 /* FMDatabase.m in Sources */,
				38DA5C2B1E70EF7C00028B75 /* UIViewController+MMDrawerController.m in Sources */,
				38DA5C7F1E70EF9A00028B75 /* LeftViewController.m in Sources */,
				38DA5C281E70EF7C00028B75 /* MMDrawerBarButtonItem.m in Sources */,
				38DA5C261E70EF7C00028B75 /* FMResultSet.m in Sources */,
				38DA5C6A1E70EF7C00028B75 /* UIImage+RTTint.m in Sources */,
				38DA5C2D1E70EF7C00028B75 /* DeviceListTableViewCell.m in Sources */,
				38DA5C341E70EF7C00028B75 /* SettingTableViewCell.m in Sources */,
				38DA5C821E70EF9A00028B75 /* SearchResultViewController.m in Sources */,
				38DA5C801E70EF9A00028B75 /* MoreViewController.m in Sources */,
				38DA5C231E70EF7C00028B75 /* FMDatabaseAdditions.m in Sources */,
				38DA5C991E7133FC00028B75 /* ModifyPasswordViewController.m in Sources */,
			);
			runOnlyForDeploymentPostprocessing = 0;
		};
		38DA5B8E1E70EEA800028B75 /* Sources */ = {
			isa = PBXSourcesBuildPhase;
			buildActionMask = 2147483647;
			files = (
				38DA5B971E70EEA800028B75 /* warmwindTests.m in Sources */,
			);
			runOnlyForDeploymentPostprocessing = 0;
		};
		38DA5B991E70EEA800028B75 /* Sources */ = {
			isa = PBXSourcesBuildPhase;
			buildActionMask = 2147483647;
			files = (
				38DA5BA21E70EEA800028B75 /* warmwindUITests.m in Sources */,
			);
			runOnlyForDeploymentPostprocessing = 0;
		};
/* End PBXSourcesBuildPhase section */

/* Begin PBXTargetDependency section */
		38DA5B941E70EEA800028B75 /* PBXTargetDependency */ = {
			isa = PBXTargetDependency;
			target = 38DA5B781E70EEA800028B75 /* warmwind */;
			targetProxy = 38DA5B931E70EEA800028B75 /* PBXContainerItemProxy */;
		};
		38DA5B9F1E70EEA800028B75 /* PBXTargetDependency */ = {
			isa = PBXTargetDependency;
			target = 38DA5B781E70EEA800028B75 /* warmwind */;
			targetProxy = 38DA5B9E1E70EEA800028B75 /* PBXContainerItemProxy */;
		};
/* End PBXTargetDependency section */

/* Begin PBXVariantGroup section */
		38DA5B851E70EEA800028B75 /* Main.storyboard */ = {
			isa = PBXVariantGroup;
			children = (
				38DA5B861E70EEA800028B75 /* Base */,
				38DA5C881E70F05800028B75 /* zh-Hans */,
			);
			name = Main.storyboard;
			sourceTree = "<group>";
		};
		38DA5B8A1E70EEA800028B75 /* LaunchScreen.storyboard */ = {
			isa = PBXVariantGroup;
			children = (
				38DA5B8B1E70EEA800028B75 /* Base */,
				38DA5C891E70F05800028B75 /* zh-Hans */,
			);
			name = LaunchScreen.storyboard;
			sourceTree = "<group>";
		};
		38DA5C8E1E70F07100028B75 /* Language.strings */ = {
			isa = PBXVariantGroup;
			children = (
				38DA5C8D1E70F07100028B75 /* en */,
				38DA5C8F1E70F07300028B75 /* zh-Hans */,
			);
			name = Language.strings;
			sourceTree = "<group>";
		};
/* End PBXVariantGroup section */

/* Begin XCBuildConfiguration section */
		38DA5BA41E70EEA800028B75 /* Debug */ = {
			isa = XCBuildConfiguration;
			buildSettings = {
				ALWAYS_SEARCH_USER_PATHS = NO;
				CLANG_ANALYZER_LOCALIZABILITY_NONLOCALIZED = YES;
				CLANG_ANALYZER_NONNULL = YES;
				CLANG_CXX_LANGUAGE_STANDARD = "gnu++0x";
				CLANG_CXX_LIBRARY = "libc++";
				CLANG_ENABLE_MODULES = YES;
				CLANG_ENABLE_OBJC_ARC = YES;
				CLANG_WARN_BOOL_CONVERSION = YES;
				CLANG_WARN_CONSTANT_CONVERSION = YES;
				CLANG_WARN_DIRECT_OBJC_ISA_USAGE = YES_ERROR;
				CLANG_WARN_DOCUMENTATION_COMMENTS = YES;
				CLANG_WARN_EMPTY_BODY = YES;
				CLANG_WARN_ENUM_CONVERSION = YES;
				CLANG_WARN_INFINITE_RECURSION = YES;
				CLANG_WARN_INT_CONVERSION = YES;
				CLANG_WARN_OBJC_ROOT_CLASS = YES_ERROR;
				CLANG_WARN_SUSPICIOUS_MOVE = YES;
				CLANG_WARN_UNREACHABLE_CODE = YES;
				CLANG_WARN__DUPLICATE_METHOD_MATCH = YES;
				"CODE_SIGN_IDENTITY[sdk=iphoneos*]" = "iPhone Developer";
				COPY_PHASE_STRIP = NO;
				DEBUG_INFORMATION_FORMAT = dwarf;
				ENABLE_STRICT_OBJC_MSGSEND = YES;
				ENABLE_TESTABILITY = YES;
				GCC_C_LANGUAGE_STANDARD = gnu99;
				GCC_DYNAMIC_NO_PIC = NO;
				GCC_NO_COMMON_BLOCKS = YES;
				GCC_OPTIMIZATION_LEVEL = 0;
				GCC_PREPROCESSOR_DEFINITIONS = (
					"DEBUG=1",
					"$(inherited)",
				);
				GCC_WARN_64_TO_32_BIT_CONVERSION = YES;
				GCC_WARN_ABOUT_RETURN_TYPE = YES_ERROR;
				GCC_WARN_UNDECLARED_SELECTOR = YES;
				GCC_WARN_UNINITIALIZED_AUTOS = YES_AGGRESSIVE;
				GCC_WARN_UNUSED_FUNCTION = YES;
				GCC_WARN_UNUSED_VARIABLE = YES;
				IPHONEOS_DEPLOYMENT_TARGET = 10.2;
				MTL_ENABLE_DEBUG_INFO = YES;
				ONLY_ACTIVE_ARCH = YES;
				SDKROOT = iphoneos;
			};
			name = Debug;
		};
		38DA5BA51E70EEA800028B75 /* Release */ = {
			isa = XCBuildConfiguration;
			buildSettings = {
				ALWAYS_SEARCH_USER_PATHS = NO;
				CLANG_ANALYZER_LOCALIZABILITY_NONLOCALIZED = YES;
				CLANG_ANALYZER_NONNULL = YES;
				CLANG_CXX_LANGUAGE_STANDARD = "gnu++0x";
				CLANG_CXX_LIBRARY = "libc++";
				CLANG_ENABLE_MODULES = YES;
				CLANG_ENABLE_OBJC_ARC = YES;
				CLANG_WARN_BOOL_CONVERSION = YES;
				CLANG_WARN_CONSTANT_CONVERSION = YES;
				CLANG_WARN_DIRECT_OBJC_ISA_USAGE = YES_ERROR;
				CLANG_WARN_DOCUMENTATION_COMMENTS = YES;
				CLANG_WARN_EMPTY_BODY = YES;
				CLANG_WARN_ENUM_CONVERSION = YES;
				CLANG_WARN_INFINITE_RECURSION = YES;
				CLANG_WARN_INT_CONVERSION = YES;
				CLANG_WARN_OBJC_ROOT_CLASS = YES_ERROR;
				CLANG_WARN_SUSPICIOUS_MOVE = YES;
				CLANG_WARN_UNREACHABLE_CODE = YES;
				CLANG_WARN__DUPLICATE_METHOD_MATCH = YES;
				"CODE_SIGN_IDENTITY[sdk=iphoneos*]" = "iPhone Developer";
				COPY_PHASE_STRIP = NO;
				DEBUG_INFORMATION_FORMAT = "dwarf-with-dsym";
				ENABLE_NS_ASSERTIONS = NO;
				ENABLE_STRICT_OBJC_MSGSEND = YES;
				GCC_C_LANGUAGE_STANDARD = gnu99;
				GCC_NO_COMMON_BLOCKS = YES;
				GCC_WARN_64_TO_32_BIT_CONVERSION = YES;
				GCC_WARN_ABOUT_RETURN_TYPE = YES_ERROR;
				GCC_WARN_UNDECLARED_SELECTOR = YES;
				GCC_WARN_UNINITIALIZED_AUTOS = YES_AGGRESSIVE;
				GCC_WARN_UNUSED_FUNCTION = YES;
				GCC_WARN_UNUSED_VARIABLE = YES;
				IPHONEOS_DEPLOYMENT_TARGET = 10.2;
				MTL_ENABLE_DEBUG_INFO = NO;
				SDKROOT = iphoneos;
				VALIDATE_PRODUCT = YES;
			};
			name = Release;
		};
		38DA5BA71E70EEA800028B75 /* Debug */ = {
			isa = XCBuildConfiguration;
			buildSettings = {
				ASSETCATALOG_COMPILER_APPICON_NAME = AppIcon;
				ASSETCATALOG_COMPILER_LAUNCHIMAGE_NAME = LaunchImage;
				DEVELOPMENT_TEAM = 3Q2MJ36ZMT;
				GCC_PREFIX_HEADER = "$(SRCROOT)/warmwind/Application/PrefixHeader.pch";
				INFOPLIST_FILE = warmwind/Info.plist;
				IPHONEOS_DEPLOYMENT_TARGET = 8.0;
				LD_RUNPATH_SEARCH_PATHS = "$(inherited) @executable_path/Frameworks";
				PRODUCT_BUNDLE_IDENTIFIER = com.galaxyWind.warmwind;
				PRODUCT_NAME = "$(TARGET_NAME)";
			};
			name = Debug;
		};
		38DA5BA81E70EEA800028B75 /* Release */ = {
			isa = XCBuildConfiguration;
			buildSettings = {
				ASSETCATALOG_COMPILER_APPICON_NAME = AppIcon;
				ASSETCATALOG_COMPILER_LAUNCHIMAGE_NAME = LaunchImage;
				DEVELOPMENT_TEAM = 3Q2MJ36ZMT;
				GCC_PREFIX_HEADER = "$(SRCROOT)/warmwind/Application/PrefixHeader.pch";
				INFOPLIST_FILE = warmwind/Info.plist;
				IPHONEOS_DEPLOYMENT_TARGET = 8.0;
				LD_RUNPATH_SEARCH_PATHS = "$(inherited) @executable_path/Frameworks";
				PRODUCT_BUNDLE_IDENTIFIER = com.galaxyWind.warmwind;
				PRODUCT_NAME = "$(TARGET_NAME)";
			};
			name = Release;
		};
		38DA5BAA1E70EEA800028B75 /* Debug */ = {
			isa = XCBuildConfiguration;
			buildSettings = {
				BUNDLE_LOADER = "$(TEST_HOST)";
				DEVELOPMENT_TEAM = 3Q2MJ36ZMT;
				INFOPLIST_FILE = warmwindTests/Info.plist;
				LD_RUNPATH_SEARCH_PATHS = "$(inherited) @executable_path/Frameworks @loader_path/Frameworks";
				PRODUCT_BUNDLE_IDENTIFIER = com.galaxyWind.warmwindTests;
				PRODUCT_NAME = "$(TARGET_NAME)";
				TEST_HOST = "$(BUILT_PRODUCTS_DIR)/warmwind.app/warmwind";
			};
			name = Debug;
		};
		38DA5BAB1E70EEA800028B75 /* Release */ = {
			isa = XCBuildConfiguration;
			buildSettings = {
				BUNDLE_LOADER = "$(TEST_HOST)";
				DEVELOPMENT_TEAM = 3Q2MJ36ZMT;
				INFOPLIST_FILE = warmwindTests/Info.plist;
				LD_RUNPATH_SEARCH_PATHS = "$(inherited) @executable_path/Frameworks @loader_path/Frameworks";
				PRODUCT_BUNDLE_IDENTIFIER = com.galaxyWind.warmwindTests;
				PRODUCT_NAME = "$(TARGET_NAME)";
				TEST_HOST = "$(BUILT_PRODUCTS_DIR)/warmwind.app/warmwind";
			};
			name = Release;
		};
		38DA5BAD1E70EEA800028B75 /* Debug */ = {
			isa = XCBuildConfiguration;
			buildSettings = {
				DEVELOPMENT_TEAM = 3Q2MJ36ZMT;
				INFOPLIST_FILE = warmwindUITests/Info.plist;
				LD_RUNPATH_SEARCH_PATHS = "$(inherited) @executable_path/Frameworks @loader_path/Frameworks";
				PRODUCT_BUNDLE_IDENTIFIER = com.galaxyWind.warmwindUITests;
				PRODUCT_NAME = "$(TARGET_NAME)";
				TEST_TARGET_NAME = warmwind;
			};
			name = Debug;
		};
		38DA5BAE1E70EEA800028B75 /* Release */ = {
			isa = XCBuildConfiguration;
			buildSettings = {
				DEVELOPMENT_TEAM = 3Q2MJ36ZMT;
				INFOPLIST_FILE = warmwindUITests/Info.plist;
				LD_RUNPATH_SEARCH_PATHS = "$(inherited) @executable_path/Frameworks @loader_path/Frameworks";
				PRODUCT_BUNDLE_IDENTIFIER = com.galaxyWind.warmwindUITests;
				PRODUCT_NAME = "$(TARGET_NAME)";
				TEST_TARGET_NAME = warmwind;
			};
			name = Release;
		};
/* End XCBuildConfiguration section */

/* Begin XCConfigurationList section */
		38DA5B741E70EEA800028B75 /* Build configuration list for PBXProject "warmwind" */ = {
			isa = XCConfigurationList;
			buildConfigurations = (
				38DA5BA41E70EEA800028B75 /* Debug */,
				38DA5BA51E70EEA800028B75 /* Release */,
			);
			defaultConfigurationIsVisible = 0;
			defaultConfigurationName = Release;
		};
		38DA5BA61E70EEA800028B75 /* Build configuration list for PBXNativeTarget "warmwind" */ = {
			isa = XCConfigurationList;
			buildConfigurations = (
				38DA5BA71E70EEA800028B75 /* Debug */,
				38DA5BA81E70EEA800028B75 /* Release */,
			);
			defaultConfigurationIsVisible = 0;
			defaultConfigurationName = Release;
		};
		38DA5BA91E70EEA800028B75 /* Build configuration list for PBXNativeTarget "warmwindTests" */ = {
			isa = XCConfigurationList;
			buildConfigurations = (
				38DA5BAA1E70EEA800028B75 /* Debug */,
				38DA5BAB1E70EEA800028B75 /* Release */,
			);
			defaultConfigurationIsVisible = 0;
			defaultConfigurationName = Release;
		};
		38DA5BAC1E70EEA800028B75 /* Build configuration list for PBXNativeTarget "warmwindUITests" */ = {
			isa = XCConfigurationList;
			buildConfigurations = (
				38DA5BAD1E70EEA800028B75 /* Debug */,
				38DA5BAE1E70EEA800028B75 /* Release */,
			);
			defaultConfigurationIsVisible = 0;
			defaultConfigurationName = Release;
		};
/* End XCConfigurationList section */
	};
	rootObject = 38DA5B711E70EEA800028B75 /* Project object */;
}
